// !$*UTF8*$!
{
	archiveVersion = 1;
	classes = {
	};
	objectVersion = 70;
	objects = {

/* Begin PBXBuildFile section */
		254BB55D2ABBE8F50059A1D5 /* Sparkle in Frameworks */ = {isa = PBXBuildFile; productRef = 254BB55C2ABBE8F50059A1D5 /* Sparkle */; };
		2592CED72AD4EAA2008DEFF8 /* ArchiveTest.swift in Sources */ = {isa = PBXBuildFile; fileRef = 2592CED62AD4EAA2008DEFF8 /* ArchiveTest.swift */; };
		2592CEDA2AD4EF6D008DEFF8 /* hello.txt in Resources */ = {isa = PBXBuildFile; fileRef = 2592CED92AD4EF6D008DEFF8 /* hello.txt */; };
		2592CEDD2AD4F765008DEFF8 /* ZIPFoundation in Frameworks */ = {isa = PBXBuildFile; productRef = 2592CEDC2AD4F765008DEFF8 /* ZIPFoundation */; };
		2592CEDF2AD4F77E008DEFF8 /* ZIPFoundation in Frameworks */ = {isa = PBXBuildFile; productRef = 2592CEDE2AD4F77E008DEFF8 /* ZIPFoundation */; };
		2592CEE32AD529E2008DEFF8 /* bond.txt in Resources */ = {isa = PBXBuildFile; fileRef = 2592CEE22AD529E2008DEFF8 /* bond.txt */; };
		25A0D2102AD6443E00B43C92 /* archiveNested1.zip in Resources */ = {isa = PBXBuildFile; fileRef = 25A0D20F2AD6443E00B43C92 /* archiveNested1.zip */; };
		25A0D2152AD6504600B43C92 /* archiveNested2.zip in Resources */ = {isa = PBXBuildFile; fileRef = 25A0D2142AD6504600B43C92 /* archiveNested2.zip */; };
		25A0D2172AD6F5D800B43C92 /* zipVariant.xlsx in Resources */ = {isa = PBXBuildFile; fileRef = 25A0D2162AD6F5D800B43C92 /* zipVariant.xlsx */; };
		25A0D21B2AD7015F00B43C92 /* zipVariantInvalid.png in Resources */ = {isa = PBXBuildFile; fileRef = 25A0D21A2AD7015F00B43C92 /* zipVariantInvalid.png */; };
		25BEBC1B2AD63EDE00C65E03 /* archive.tar.lz4 in Resources */ = {isa = PBXBuildFile; fileRef = 25BEBC182AD63EDD00C65E03 /* archive.tar.lz4 */; };
		25BEBC1C2AD63EDE00C65E03 /* archive.zip in Resources */ = {isa = PBXBuildFile; fileRef = 25BEBC192AD63EDD00C65E03 /* archive.zip */; };
		25BEBC1D2AD63EDE00C65E03 /* archive.tar in Resources */ = {isa = PBXBuildFile; fileRef = 25BEBC1A2AD63EDD00C65E03 /* archive.tar */; };
		25C0A8BA2A78DE62002C1C2A /* MacPackerTests.swift in Sources */ = {isa = PBXBuildFile; fileRef = 25C0A8B92A78DE62002C1C2A /* MacPackerTests.swift */; };
		25C0A8C42A78DE62002C1C2A /* MacPackerUITests.swift in Sources */ = {isa = PBXBuildFile; fileRef = 25C0A8C32A78DE62002C1C2A /* MacPackerUITests.swift */; };
		25C0A8C62A78DE62002C1C2A /* MacPackerUITestsLaunchTests.swift in Sources */ = {isa = PBXBuildFile; fileRef = 25C0A8C52A78DE62002C1C2A /* MacPackerUITestsLaunchTests.swift */; };
		25CD1EB82D829C14007B53EE /* SWCompression in Frameworks */ = {isa = PBXBuildFile; productRef = 25CD1EB72D829C14007B53EE /* SWCompression */; };
		25CD1EBB2D829CBB007B53EE /* BitByteData in Frameworks */ = {isa = PBXBuildFile; productRef = 25CD1EBA2D829CBB007B53EE /* BitByteData */; };
		25CD1EBD2D829DEA007B53EE /* SWCompression in Frameworks */ = {isa = PBXBuildFile; productRef = 25CD1EBC2D829DEA007B53EE /* SWCompression */; };
		25CD1EBF2D829DEA007B53EE /* BitByteData in Frameworks */ = {isa = PBXBuildFile; productRef = 25CD1EBE2D829DEA007B53EE /* BitByteData */; };
/* End PBXBuildFile section */

/* Begin PBXContainerItemProxy section */
		25C0A8B62A78DE62002C1C2A /* PBXContainerItemProxy */ = {
			isa = PBXContainerItemProxy;
			containerPortal = 25C0A89C2A78DE5F002C1C2A /* Project object */;
			proxyType = 1;
			remoteGlobalIDString = 25C0A8A32A78DE5F002C1C2A;
			remoteInfo = MacPacker;
		};
		25C0A8C02A78DE62002C1C2A /* PBXContainerItemProxy */ = {
			isa = PBXContainerItemProxy;
			containerPortal = 25C0A89C2A78DE5F002C1C2A /* Project object */;
			proxyType = 1;
			remoteGlobalIDString = 25C0A8A32A78DE5F002C1C2A;
			remoteInfo = MacPacker;
		};
/* End PBXContainerItemProxy section */

/* Begin PBXFileReference section */
		254BB5592ABBE8430059A1D5 /* MacPacker Store.app */ = {isa = PBXFileReference; explicitFileType = wrapper.application; includeInIndex = 0; path = "MacPacker Store.app"; sourceTree = BUILT_PRODUCTS_DIR; };
		254BB55A2ABBE8430059A1D5 /* MacPacker copy-Info.plist */ = {isa = PBXFileReference; lastKnownFileType = text.plist.xml; name = "MacPacker copy-Info.plist"; path = "/Users/sarensw/Documents/Private/Projects/MacPacker/MacPacker copy-Info.plist"; sourceTree = "<absolute>"; };
		2592CED62AD4EAA2008DEFF8 /* ArchiveTest.swift */ = {isa = PBXFileReference; lastKnownFileType = sourcecode.swift; path = ArchiveTest.swift; sourceTree = "<group>"; };
		2592CED92AD4EF6D008DEFF8 /* hello.txt */ = {isa = PBXFileReference; fileEncoding = 4; lastKnownFileType = text; path = hello.txt; sourceTree = "<group>"; };
		2592CEE22AD529E2008DEFF8 /* bond.txt */ = {isa = PBXFileReference; fileEncoding = 4; lastKnownFileType = text; path = bond.txt; sourceTree = "<group>"; };
		25A0D20F2AD6443E00B43C92 /* archiveNested1.zip */ = {isa = PBXFileReference; lastKnownFileType = archive.zip; path = archiveNested1.zip; sourceTree = "<group>"; };
		25A0D2142AD6504600B43C92 /* archiveNested2.zip */ = {isa = PBXFileReference; lastKnownFileType = archive.zip; path = archiveNested2.zip; sourceTree = "<group>"; };
		25A0D2162AD6F5D800B43C92 /* zipVariant.xlsx */ = {isa = PBXFileReference; lastKnownFileType = file; path = zipVariant.xlsx; sourceTree = "<group>"; };
		25A0D21A2AD7015F00B43C92 /* zipVariantInvalid.png */ = {isa = PBXFileReference; lastKnownFileType = image.png; path = zipVariantInvalid.png; sourceTree = "<group>"; };
		25BEBC182AD63EDD00C65E03 /* archive.tar.lz4 */ = {isa = PBXFileReference; lastKnownFileType = file; path = archive.tar.lz4; sourceTree = "<group>"; };
		25BEBC192AD63EDD00C65E03 /* archive.zip */ = {isa = PBXFileReference; lastKnownFileType = archive.zip; path = archive.zip; sourceTree = "<group>"; };
		25BEBC1A2AD63EDD00C65E03 /* archive.tar */ = {isa = PBXFileReference; lastKnownFileType = archive.tar; path = archive.tar; sourceTree = "<group>"; };
		25C0A8A42A78DE5F002C1C2A /* MacPacker.app */ = {isa = PBXFileReference; explicitFileType = wrapper.application; includeInIndex = 0; path = MacPacker.app; sourceTree = BUILT_PRODUCTS_DIR; };
		25C0A8B52A78DE62002C1C2A /* MacPackerTests.xctest */ = {isa = PBXFileReference; explicitFileType = wrapper.cfbundle; includeInIndex = 0; path = MacPackerTests.xctest; sourceTree = BUILT_PRODUCTS_DIR; };
		25C0A8B92A78DE62002C1C2A /* MacPackerTests.swift */ = {isa = PBXFileReference; lastKnownFileType = sourcecode.swift; path = MacPackerTests.swift; sourceTree = "<group>"; };
		25C0A8BF2A78DE62002C1C2A /* MacPackerUITests.xctest */ = {isa = PBXFileReference; explicitFileType = wrapper.cfbundle; includeInIndex = 0; path = MacPackerUITests.xctest; sourceTree = BUILT_PRODUCTS_DIR; };
		25C0A8C32A78DE62002C1C2A /* MacPackerUITests.swift */ = {isa = PBXFileReference; lastKnownFileType = sourcecode.swift; path = MacPackerUITests.swift; sourceTree = "<group>"; };
		25C0A8C52A78DE62002C1C2A /* MacPackerUITestsLaunchTests.swift */ = {isa = PBXFileReference; lastKnownFileType = sourcecode.swift; path = MacPackerUITestsLaunchTests.swift; sourceTree = "<group>"; };
		25C518862AEA115E0001697F /* BitByteData.framework */ = {isa = PBXFileReference; lastKnownFileType = wrapper.framework; name = BitByteData.framework; path = "Carthage/Build/BitByteData.xcframework/macos-arm64_x86_64/BitByteData.framework"; sourceTree = "<group>"; };
		25C5188A2AEA11660001697F /* SWCompression.framework */ = {isa = PBXFileReference; lastKnownFileType = wrapper.framework; name = SWCompression.framework; path = "Carthage/Build/SWCompression.xcframework/macos-arm64_x86_64/SWCompression.framework"; sourceTree = "<group>"; };
		25EF27352AD7098300C8CC56 /* MacPacker.xctestplan */ = {isa = PBXFileReference; lastKnownFileType = text; path = MacPacker.xctestplan; sourceTree = "<group>"; };
/* End PBXFileReference section */

/* Begin PBXFileSystemSynchronizedBuildFileExceptionSet section */
		251114F72DC6D3AA0056D272 /* PBXFileSystemSynchronizedBuildFileExceptionSet */ = {
			isa = PBXFileSystemSynchronizedBuildFileExceptionSet;
			membershipExceptions = (
				Info.plist,
			);
			target = 25C0A8A32A78DE5F002C1C2A /* MacPacker */;
		};
		251114F82DC6D3AA0056D272 /* PBXFileSystemSynchronizedBuildFileExceptionSet */ = {
			isa = PBXFileSystemSynchronizedBuildFileExceptionSet;
			membershipExceptions = (
				Info.plist,
				View/CheckForUpdatesView.swift,
			);
			target = 254BB53C2ABBE8430059A1D5 /* MacPacker Store */;
		};
/* End PBXFileSystemSynchronizedBuildFileExceptionSet section */

/* Begin PBXFileSystemSynchronizedRootGroup section */
		251114B22DC6D3AA0056D272 /* MacPacker */ = {isa = PBXFileSystemSynchronizedRootGroup; exceptions = (251114F72DC6D3AA0056D272 /* PBXFileSystemSynchronizedBuildFileExceptionSet */, 251114F82DC6D3AA0056D272 /* PBXFileSystemSynchronizedBuildFileExceptionSet */, ); explicitFileTypes = {}; explicitFolders = (); path = MacPacker; sourceTree = "<group>"; };
/* End PBXFileSystemSynchronizedRootGroup section */

/* Begin PBXFrameworksBuildPhase section */
		254BB5502ABBE8430059A1D5 /* Frameworks */ = {
			isa = PBXFrameworksBuildPhase;
			buildActionMask = 2147483647;
			files = (
				25CD1EBF2D829DEA007B53EE /* BitByteData in Frameworks */,
				25CD1EBD2D829DEA007B53EE /* SWCompression in Frameworks */,
				2592CEDF2AD4F77E008DEFF8 /* ZIPFoundation in Frameworks */,
			);
			runOnlyForDeploymentPostprocessing = 0;
		};
		25C0A8A12A78DE5F002C1C2A /* Frameworks */ = {
			isa = PBXFrameworksBuildPhase;
			buildActionMask = 2147483647;
			files = (
				25CD1EBB2D829CBB007B53EE /* BitByteData in Frameworks */,
				254BB55D2ABBE8F50059A1D5 /* Sparkle in Frameworks */,
				2592CEDD2AD4F765008DEFF8 /* ZIPFoundation in Frameworks */,
				25CD1EB82D829C14007B53EE /* SWCompression in Frameworks */,
			);
			runOnlyForDeploymentPostprocessing = 0;
		};
		25C0A8B22A78DE62002C1C2A /* Frameworks */ = {
			isa = PBXFrameworksBuildPhase;
			buildActionMask = 2147483647;
			files = (
			);
			runOnlyForDeploymentPostprocessing = 0;
		};
		25C0A8BC2A78DE62002C1C2A /* Frameworks */ = {
			isa = PBXFrameworksBuildPhase;
			buildActionMask = 2147483647;
			files = (
			);
			runOnlyForDeploymentPostprocessing = 0;
		};
/* End PBXFrameworksBuildPhase section */

/* Begin PBXGroup section */
		2592CED82AD4EDAB008DEFF8 /* TestResources */ = {
			isa = PBXGroup;
			children = (
				2592CEE22AD529E2008DEFF8 /* bond.txt */,
				2592CED92AD4EF6D008DEFF8 /* hello.txt */,
			);
			path = TestResources;
			sourceTree = "<group>";
		};
		25BEBC172AD63CD300C65E03 /* TestArchives */ = {
			isa = PBXGroup;
			children = (
				25A0D21A2AD7015F00B43C92 /* zipVariantInvalid.png */,
				25A0D2162AD6F5D800B43C92 /* zipVariant.xlsx */,
				25A0D2142AD6504600B43C92 /* archiveNested2.zip */,
				25A0D20F2AD6443E00B43C92 /* archiveNested1.zip */,
				25BEBC1A2AD63EDD00C65E03 /* archive.tar */,
				25BEBC182AD63EDD00C65E03 /* archive.tar.lz4 */,
				25BEBC192AD63EDD00C65E03 /* archive.zip */,
			);
			path = TestArchives;
			sourceTree = "<group>";
		};
		25C0A89B2A78DE5F002C1C2A = {
			isa = PBXGroup;
			children = (
				25EF27352AD7098300C8CC56 /* MacPacker.xctestplan */,
				25C0A8DA2A7B5339002C1C2A /* Packages */,
				251114B22DC6D3AA0056D272 /* MacPacker */,
				25C0A8B82A78DE62002C1C2A /* MacPackerTests */,
				25C0A8C22A78DE62002C1C2A /* MacPackerUITests */,
				25C0A8A52A78DE5F002C1C2A /* Products */,
				25C0A8DF2A7B5569002C1C2A /* Frameworks */,
				254BB55A2ABBE8430059A1D5 /* MacPacker copy-Info.plist */,
			);
			sourceTree = "<group>";
		};
		25C0A8A52A78DE5F002C1C2A /* Products */ = {
			isa = PBXGroup;
			children = (
				25C0A8A42A78DE5F002C1C2A /* MacPacker.app */,
				25C0A8B52A78DE62002C1C2A /* MacPackerTests.xctest */,
				25C0A8BF2A78DE62002C1C2A /* MacPackerUITests.xctest */,
				254BB5592ABBE8430059A1D5 /* MacPacker Store.app */,
			);
			name = Products;
			sourceTree = "<group>";
		};
		25C0A8B82A78DE62002C1C2A /* MacPackerTests */ = {
			isa = PBXGroup;
			children = (
				25BEBC172AD63CD300C65E03 /* TestArchives */,
				2592CED82AD4EDAB008DEFF8 /* TestResources */,
				25C0A8B92A78DE62002C1C2A /* MacPackerTests.swift */,
				2592CED62AD4EAA2008DEFF8 /* ArchiveTest.swift */,
			);
			path = MacPackerTests;
			sourceTree = "<group>";
		};
		25C0A8C22A78DE62002C1C2A /* MacPackerUITests */ = {
			isa = PBXGroup;
			children = (
				25C0A8C32A78DE62002C1C2A /* MacPackerUITests.swift */,
				25C0A8C52A78DE62002C1C2A /* MacPackerUITestsLaunchTests.swift */,
			);
			path = MacPackerUITests;
			sourceTree = "<group>";
		};
		25C0A8DA2A7B5339002C1C2A /* Packages */ = {
			isa = PBXGroup;
			children = (
			);
			name = Packages;
			sourceTree = "<group>";
		};
		25C0A8DF2A7B5569002C1C2A /* Frameworks */ = {
			isa = PBXGroup;
			children = (
				25C5188A2AEA11660001697F /* SWCompression.framework */,
				25C518862AEA115E0001697F /* BitByteData.framework */,
			);
			name = Frameworks;
			sourceTree = "<group>";
		};
/* End PBXGroup section */

/* Begin PBXNativeTarget section */
		254BB53C2ABBE8430059A1D5 /* MacPacker Store */ = {
			isa = PBXNativeTarget;
			buildConfigurationList = 254BB5562ABBE8430059A1D5 /* Build configuration list for PBXNativeTarget "MacPacker Store" */;
			buildPhases = (
				254BB5412ABBE8430059A1D5 /* Sources */,
				254BB5502ABBE8430059A1D5 /* Frameworks */,
				254BB5532ABBE8430059A1D5 /* Resources */,
			);
			buildRules = (
			);
			dependencies = (
			);
			fileSystemSynchronizedGroups = (
				251114B22DC6D3AA0056D272 /* MacPacker */,
			);
			name = "MacPacker Store";
			packageProductDependencies = (
				2592CEDE2AD4F77E008DEFF8 /* ZIPFoundation */,
				25CD1EBC2D829DEA007B53EE /* SWCompression */,
				25CD1EBE2D829DEA007B53EE /* BitByteData */,
			);
			productName = MacPacker;
			productReference = 254BB5592ABBE8430059A1D5 /* MacPacker Store.app */;
			productType = "com.apple.product-type.application";
		};
		25C0A8A32A78DE5F002C1C2A /* MacPacker */ = {
			isa = PBXNativeTarget;
			buildConfigurationList = 25C0A8C92A78DE62002C1C2A /* Build configuration list for PBXNativeTarget "MacPacker" */;
			buildPhases = (
				25C0A8A02A78DE5F002C1C2A /* Sources */,
				25C0A8A12A78DE5F002C1C2A /* Frameworks */,
				25C0A8A22A78DE5F002C1C2A /* Resources */,
			);
			buildRules = (
			);
			dependencies = (
			);
			fileSystemSynchronizedGroups = (
				251114B22DC6D3AA0056D272 /* MacPacker */,
			);
			name = MacPacker;
			packageProductDependencies = (
				254BB55C2ABBE8F50059A1D5 /* Sparkle */,
				2592CEDC2AD4F765008DEFF8 /* ZIPFoundation */,
				25CD1EB72D829C14007B53EE /* SWCompression */,
				25CD1EBA2D829CBB007B53EE /* BitByteData */,
			);
			productName = MacPacker;
			productReference = 25C0A8A42A78DE5F002C1C2A /* MacPacker.app */;
			productType = "com.apple.product-type.application";
		};
		25C0A8B42A78DE62002C1C2A /* MacPackerTests */ = {
			isa = PBXNativeTarget;
			buildConfigurationList = 25C0A8CC2A78DE62002C1C2A /* Build configuration list for PBXNativeTarget "MacPackerTests" */;
			buildPhases = (
				25C0A8B12A78DE62002C1C2A /* Sources */,
				25C0A8B22A78DE62002C1C2A /* Frameworks */,
				25C0A8B32A78DE62002C1C2A /* Resources */,
			);
			buildRules = (
			);
			dependencies = (
				25C0A8B72A78DE62002C1C2A /* PBXTargetDependency */,
			);
			name = MacPackerTests;
			productName = MacPackerTests;
			productReference = 25C0A8B52A78DE62002C1C2A /* MacPackerTests.xctest */;
			productType = "com.apple.product-type.bundle.unit-test";
		};
		25C0A8BE2A78DE62002C1C2A /* MacPackerUITests */ = {
			isa = PBXNativeTarget;
			buildConfigurationList = 25C0A8CF2A78DE62002C1C2A /* Build configuration list for PBXNativeTarget "MacPackerUITests" */;
			buildPhases = (
				25C0A8BB2A78DE62002C1C2A /* Sources */,
				25C0A8BC2A78DE62002C1C2A /* Frameworks */,
				25C0A8BD2A78DE62002C1C2A /* Resources */,
			);
			buildRules = (
			);
			dependencies = (
				25C0A8C12A78DE62002C1C2A /* PBXTargetDependency */,
			);
			name = MacPackerUITests;
			productName = MacPackerUITests;
			productReference = 25C0A8BF2A78DE62002C1C2A /* MacPackerUITests.xctest */;
			productType = "com.apple.product-type.bundle.ui-testing";
		};
/* End PBXNativeTarget section */

/* Begin PBXProject section */
		25C0A89C2A78DE5F002C1C2A /* Project object */ = {
			isa = PBXProject;
			attributes = {
				BuildIndependentTargetsInParallel = 1;
				LastSwiftUpdateCheck = 1430;
				LastUpgradeCheck = 1430;
				TargetAttributes = {
					25C0A8A32A78DE5F002C1C2A = {
						CreatedOnToolsVersion = 14.3.1;
					};
					25C0A8B42A78DE62002C1C2A = {
						CreatedOnToolsVersion = 14.3.1;
						TestTargetID = 25C0A8A32A78DE5F002C1C2A;
					};
					25C0A8BE2A78DE62002C1C2A = {
						CreatedOnToolsVersion = 14.3.1;
						TestTargetID = 25C0A8A32A78DE5F002C1C2A;
					};
				};
			};
			buildConfigurationList = 25C0A89F2A78DE5F002C1C2A /* Build configuration list for PBXProject "MacPacker" */;
			compatibilityVersion = "Xcode 14.0";
			developmentRegion = en;
			hasScannedForEncodings = 0;
			knownRegions = (
				en,
				Base,
			);
			mainGroup = 25C0A89B2A78DE5F002C1C2A;
			packageReferences = (
				254BB55B2ABBE8F50059A1D5 /* XCRemoteSwiftPackageReference "Sparkle" */,
				2592CEDB2AD4F765008DEFF8 /* XCRemoteSwiftPackageReference "ZIPFoundation" */,
				25CD1EB62D829C14007B53EE /* XCRemoteSwiftPackageReference "SWCompression" */,
				25CD1EB92D829CBB007B53EE /* XCRemoteSwiftPackageReference "BitByteData" */,
			);
			productRefGroup = 25C0A8A52A78DE5F002C1C2A /* Products */;
			projectDirPath = "";
			projectRoot = "";
			targets = (
				25C0A8A32A78DE5F002C1C2A /* MacPacker */,
				254BB53C2ABBE8430059A1D5 /* MacPacker Store */,
				25C0A8B42A78DE62002C1C2A /* MacPackerTests */,
				25C0A8BE2A78DE62002C1C2A /* MacPackerUITests */,
			);
		};
/* End PBXProject section */

/* Begin PBXResourcesBuildPhase section */
		254BB5532ABBE8430059A1D5 /* Resources */ = {
			isa = PBXResourcesBuildPhase;
			buildActionMask = 2147483647;
			files = (
			);
			runOnlyForDeploymentPostprocessing = 0;
		};
		25C0A8A22A78DE5F002C1C2A /* Resources */ = {
			isa = PBXResourcesBuildPhase;
			buildActionMask = 2147483647;
			files = (
			);
			runOnlyForDeploymentPostprocessing = 0;
		};
		25C0A8B32A78DE62002C1C2A /* Resources */ = {
			isa = PBXResourcesBuildPhase;
			buildActionMask = 2147483647;
			files = (
				25A0D2152AD6504600B43C92 /* archiveNested2.zip in Resources */,
				2592CEDA2AD4EF6D008DEFF8 /* hello.txt in Resources */,
				25BEBC1B2AD63EDE00C65E03 /* archive.tar.lz4 in Resources */,
				25BEBC1D2AD63EDE00C65E03 /* archive.tar in Resources */,
				25A0D21B2AD7015F00B43C92 /* zipVariantInvalid.png in Resources */,
				25A0D2172AD6F5D800B43C92 /* zipVariant.xlsx in Resources */,
				25BEBC1C2AD63EDE00C65E03 /* archive.zip in Resources */,
				2592CEE32AD529E2008DEFF8 /* bond.txt in Resources */,
				25A0D2102AD6443E00B43C92 /* archiveNested1.zip in Resources */,
			);
			runOnlyForDeploymentPostprocessing = 0;
		};
		25C0A8BD2A78DE62002C1C2A /* Resources */ = {
			isa = PBXResourcesBuildPhase;
			buildActionMask = 2147483647;
			files = (
			);
			runOnlyForDeploymentPostprocessing = 0;
		};
/* End PBXResourcesBuildPhase section */

/* Begin PBXSourcesBuildPhase section */
		254BB5412ABBE8430059A1D5 /* Sources */ = {
			isa = PBXSourcesBuildPhase;
			buildActionMask = 2147483647;
			files = (
			);
			runOnlyForDeploymentPostprocessing = 0;
		};
		25C0A8A02A78DE5F002C1C2A /* Sources */ = {
			isa = PBXSourcesBuildPhase;
			buildActionMask = 2147483647;
			files = (
			);
			runOnlyForDeploymentPostprocessing = 0;
		};
		25C0A8B12A78DE62002C1C2A /* Sources */ = {
			isa = PBXSourcesBuildPhase;
			buildActionMask = 2147483647;
			files = (
				2592CED72AD4EAA2008DEFF8 /* ArchiveTest.swift in Sources */,
				25C0A8BA2A78DE62002C1C2A /* MacPackerTests.swift in Sources */,
			);
			runOnlyForDeploymentPostprocessing = 0;
		};
		25C0A8BB2A78DE62002C1C2A /* Sources */ = {
			isa = PBXSourcesBuildPhase;
			buildActionMask = 2147483647;
			files = (
				25C0A8C62A78DE62002C1C2A /* MacPackerUITestsLaunchTests.swift in Sources */,
				25C0A8C42A78DE62002C1C2A /* MacPackerUITests.swift in Sources */,
			);
			runOnlyForDeploymentPostprocessing = 0;
		};
/* End PBXSourcesBuildPhase section */

/* Begin PBXTargetDependency section */
		25C0A8B72A78DE62002C1C2A /* PBXTargetDependency */ = {
			isa = PBXTargetDependency;
			target = 25C0A8A32A78DE5F002C1C2A /* MacPacker */;
			targetProxy = 25C0A8B62A78DE62002C1C2A /* PBXContainerItemProxy */;
		};
		25C0A8C12A78DE62002C1C2A /* PBXTargetDependency */ = {
			isa = PBXTargetDependency;
			target = 25C0A8A32A78DE5F002C1C2A /* MacPacker */;
			targetProxy = 25C0A8C02A78DE62002C1C2A /* PBXContainerItemProxy */;
		};
/* End PBXTargetDependency section */

/* Begin XCBuildConfiguration section */
		254BB5572ABBE8430059A1D5 /* Debug */ = {
			isa = XCBuildConfiguration;
			buildSettings = {
				ASSETCATALOG_COMPILER_APPICON_NAME = AppIcon;
				ASSETCATALOG_COMPILER_GLOBAL_ACCENT_COLOR_NAME = AccentColor;
				CODE_SIGN_ENTITLEMENTS = MacPacker/MacPacker.entitlements;
				CODE_SIGN_STYLE = Automatic;
				COMBINE_HIDPI_IMAGES = YES;
				CURRENT_PROJECT_VERSION = 4;
				DEVELOPMENT_ASSET_PATHS = "\"MacPacker/Preview Content\"";
				DEVELOPMENT_TEAM = ZJ2TSMMJWF;
				ENABLE_HARDENED_RUNTIME = YES;
				ENABLE_PREVIEWS = YES;
				FRAMEWORK_SEARCH_PATHS = (
					"$(inherited)",
					"$(PROJECT_DIR)/Carthage/Build/BitByteData.xcframework/macos-arm64_x86_64",
					"$(PROJECT_DIR)/Carthage/Build/SWCompression.xcframework/macos-arm64_x86_64",
				);
				GENERATE_INFOPLIST_FILE = YES;
				INFOPLIST_FILE = "MacPacker copy-Info.plist";
				INFOPLIST_KEY_CFBundleDisplayName = MacPacker;
				INFOPLIST_KEY_LSApplicationCategoryType = "public.app-category.utilities";
				INFOPLIST_KEY_NSHumanReadableCopyright = "";
				LD_RUNPATH_SEARCH_PATHS = (
					"$(inherited)",
					"@executable_path/../Frameworks",
				);
				MACOSX_DEPLOYMENT_TARGET = 15.0;
				MARKETING_VERSION = 0.4;
				OTHER_SWIFT_FLAGS = "-DSTORE";
				PRODUCT_BUNDLE_IDENTIFIER = com.sarensx.MacPacker;
				PRODUCT_NAME = "$(TARGET_NAME)";
				SWIFT_EMIT_LOC_STRINGS = YES;
				SWIFT_VERSION = 5.0;
			};
			name = Debug;
		};
		254BB5582ABBE8430059A1D5 /* Release */ = {
			isa = XCBuildConfiguration;
			buildSettings = {
				ASSETCATALOG_COMPILER_APPICON_NAME = AppIcon;
				ASSETCATALOG_COMPILER_GLOBAL_ACCENT_COLOR_NAME = AccentColor;
				CODE_SIGN_ENTITLEMENTS = MacPacker/MacPacker.entitlements;
				CODE_SIGN_STYLE = Automatic;
				COMBINE_HIDPI_IMAGES = YES;
				CURRENT_PROJECT_VERSION = 4;
				DEVELOPMENT_ASSET_PATHS = "\"MacPacker/Preview Content\"";
				DEVELOPMENT_TEAM = ZJ2TSMMJWF;
				ENABLE_HARDENED_RUNTIME = YES;
				ENABLE_PREVIEWS = YES;
				FRAMEWORK_SEARCH_PATHS = (
					"$(inherited)",
					"$(PROJECT_DIR)/Carthage/Build/BitByteData.xcframework/macos-arm64_x86_64",
					"$(PROJECT_DIR)/Carthage/Build/SWCompression.xcframework/macos-arm64_x86_64",
				);
				GENERATE_INFOPLIST_FILE = YES;
				INFOPLIST_FILE = "MacPacker copy-Info.plist";
				INFOPLIST_KEY_CFBundleDisplayName = MacPacker;
				INFOPLIST_KEY_LSApplicationCategoryType = "public.app-category.utilities";
				INFOPLIST_KEY_NSHumanReadableCopyright = "";
				LD_RUNPATH_SEARCH_PATHS = (
					"$(inherited)",
					"@executable_path/../Frameworks",
				);
				MACOSX_DEPLOYMENT_TARGET = 15.0;
				MARKETING_VERSION = 0.4;
				OTHER_SWIFT_FLAGS = "-DSTORE";
				PRODUCT_BUNDLE_IDENTIFIER = com.sarensx.MacPacker;
				PRODUCT_NAME = "$(TARGET_NAME)";
				SWIFT_EMIT_LOC_STRINGS = YES;
				SWIFT_VERSION = 5.0;
			};
			name = Release;
		};
		25C0A8C72A78DE62002C1C2A /* Debug */ = {
			isa = XCBuildConfiguration;
			buildSettings = {
				ALWAYS_SEARCH_USER_PATHS = NO;
				CLANG_ANALYZER_NONNULL = YES;
				CLANG_ANALYZER_NUMBER_OBJECT_CONVERSION = YES_AGGRESSIVE;
				CLANG_CXX_LANGUAGE_STANDARD = "gnu++20";
				CLANG_ENABLE_MODULES = YES;
				CLANG_ENABLE_OBJC_ARC = YES;
				CLANG_ENABLE_OBJC_WEAK = YES;
				CLANG_WARN_BLOCK_CAPTURE_AUTORELEASING = YES;
				CLANG_WARN_BOOL_CONVERSION = YES;
				CLANG_WARN_COMMA = YES;
				CLANG_WARN_CONSTANT_CONVERSION = YES;
				CLANG_WARN_DEPRECATED_OBJC_IMPLEMENTATIONS = YES;
				CLANG_WARN_DIRECT_OBJC_ISA_USAGE = YES_ERROR;
				CLANG_WARN_DOCUMENTATION_COMMENTS = YES;
				CLANG_WARN_EMPTY_BODY = YES;
				CLANG_WARN_ENUM_CONVERSION = YES;
				CLANG_WARN_INFINITE_RECURSION = YES;
				CLANG_WARN_INT_CONVERSION = YES;
				CLANG_WARN_NON_LITERAL_NULL_CONVERSION = YES;
				CLANG_WARN_OBJC_IMPLICIT_RETAIN_SELF = YES;
				CLANG_WARN_OBJC_LITERAL_CONVERSION = YES;
				CLANG_WARN_OBJC_ROOT_CLASS = YES_ERROR;
				CLANG_WARN_QUOTED_INCLUDE_IN_FRAMEWORK_HEADER = YES;
				CLANG_WARN_RANGE_LOOP_ANALYSIS = YES;
				CLANG_WARN_STRICT_PROTOTYPES = YES;
				CLANG_WARN_SUSPICIOUS_MOVE = YES;
				CLANG_WARN_UNGUARDED_AVAILABILITY = YES_AGGRESSIVE;
				CLANG_WARN_UNREACHABLE_CODE = YES;
				CLANG_WARN__DUPLICATE_METHOD_MATCH = YES;
				COPY_PHASE_STRIP = NO;
				DEBUG_INFORMATION_FORMAT = dwarf;
				ENABLE_STRICT_OBJC_MSGSEND = YES;
				ENABLE_TESTABILITY = YES;
				GCC_C_LANGUAGE_STANDARD = gnu11;
				GCC_DYNAMIC_NO_PIC = NO;
				GCC_NO_COMMON_BLOCKS = YES;
				GCC_OPTIMIZATION_LEVEL = 0;
				GCC_PREPROCESSOR_DEFINITIONS = (
					"DEBUG=1",
					"$(inherited)",
				);
				GCC_WARN_64_TO_32_BIT_CONVERSION = YES;
				GCC_WARN_ABOUT_RETURN_TYPE = YES_ERROR;
				GCC_WARN_UNDECLARED_SELECTOR = YES;
				GCC_WARN_UNINITIALIZED_AUTOS = YES_AGGRESSIVE;
				GCC_WARN_UNUSED_FUNCTION = YES;
				GCC_WARN_UNUSED_VARIABLE = YES;
				MACOSX_DEPLOYMENT_TARGET = 12.0;
				MTL_ENABLE_DEBUG_INFO = INCLUDE_SOURCE;
				MTL_FAST_MATH = YES;
				ONLY_ACTIVE_ARCH = YES;
				SDKROOT = macosx;
				SWIFT_ACTIVE_COMPILATION_CONDITIONS = DEBUG;
				SWIFT_OPTIMIZATION_LEVEL = "-Onone";
			};
			name = Debug;
		};
		25C0A8C82A78DE62002C1C2A /* Release */ = {
			isa = XCBuildConfiguration;
			buildSettings = {
				ALWAYS_SEARCH_USER_PATHS = NO;
				CLANG_ANALYZER_NONNULL = YES;
				CLANG_ANALYZER_NUMBER_OBJECT_CONVERSION = YES_AGGRESSIVE;
				CLANG_CXX_LANGUAGE_STANDARD = "gnu++20";
				CLANG_ENABLE_MODULES = YES;
				CLANG_ENABLE_OBJC_ARC = YES;
				CLANG_ENABLE_OBJC_WEAK = YES;
				CLANG_WARN_BLOCK_CAPTURE_AUTORELEASING = YES;
				CLANG_WARN_BOOL_CONVERSION = YES;
				CLANG_WARN_COMMA = YES;
				CLANG_WARN_CONSTANT_CONVERSION = YES;
				CLANG_WARN_DEPRECATED_OBJC_IMPLEMENTATIONS = YES;
				CLANG_WARN_DIRECT_OBJC_ISA_USAGE = YES_ERROR;
				CLANG_WARN_DOCUMENTATION_COMMENTS = YES;
				CLANG_WARN_EMPTY_BODY = YES;
				CLANG_WARN_ENUM_CONVERSION = YES;
				CLANG_WARN_INFINITE_RECURSION = YES;
				CLANG_WARN_INT_CONVERSION = YES;
				CLANG_WARN_NON_LITERAL_NULL_CONVERSION = YES;
				CLANG_WARN_OBJC_IMPLICIT_RETAIN_SELF = YES;
				CLANG_WARN_OBJC_LITERAL_CONVERSION = YES;
				CLANG_WARN_OBJC_ROOT_CLASS = YES_ERROR;
				CLANG_WARN_QUOTED_INCLUDE_IN_FRAMEWORK_HEADER = YES;
				CLANG_WARN_RANGE_LOOP_ANALYSIS = YES;
				CLANG_WARN_STRICT_PROTOTYPES = YES;
				CLANG_WARN_SUSPICIOUS_MOVE = YES;
				CLANG_WARN_UNGUARDED_AVAILABILITY = YES_AGGRESSIVE;
				CLANG_WARN_UNREACHABLE_CODE = YES;
				CLANG_WARN__DUPLICATE_METHOD_MATCH = YES;
				COPY_PHASE_STRIP = NO;
				DEBUG_INFORMATION_FORMAT = "dwarf-with-dsym";
				ENABLE_NS_ASSERTIONS = NO;
				ENABLE_STRICT_OBJC_MSGSEND = YES;
				GCC_C_LANGUAGE_STANDARD = gnu11;
				GCC_NO_COMMON_BLOCKS = YES;
				GCC_WARN_64_TO_32_BIT_CONVERSION = YES;
				GCC_WARN_ABOUT_RETURN_TYPE = YES_ERROR;
				GCC_WARN_UNDECLARED_SELECTOR = YES;
				GCC_WARN_UNINITIALIZED_AUTOS = YES_AGGRESSIVE;
				GCC_WARN_UNUSED_FUNCTION = YES;
				GCC_WARN_UNUSED_VARIABLE = YES;
				MACOSX_DEPLOYMENT_TARGET = 12.0;
				MTL_ENABLE_DEBUG_INFO = NO;
				MTL_FAST_MATH = YES;
				SDKROOT = macosx;
				SWIFT_COMPILATION_MODE = wholemodule;
				SWIFT_OPTIMIZATION_LEVEL = "-O";
			};
			name = Release;
		};
		25C0A8CA2A78DE62002C1C2A /* Debug */ = {
			isa = XCBuildConfiguration;
			buildSettings = {
				ASSETCATALOG_COMPILER_APPICON_NAME = AppIcon;
				ASSETCATALOG_COMPILER_GLOBAL_ACCENT_COLOR_NAME = AccentColor;
				CODE_SIGN_ENTITLEMENTS = MacPacker/MacPacker.entitlements;
				CODE_SIGN_STYLE = Automatic;
				COMBINE_HIDPI_IMAGES = YES;
				CURRENT_PROJECT_VERSION = 4;
				DEVELOPMENT_ASSET_PATHS = "\"MacPacker/Preview Content\"";
				DEVELOPMENT_TEAM = ZJ2TSMMJWF;
				ENABLE_HARDENED_RUNTIME = YES;
				ENABLE_PREVIEWS = YES;
				FRAMEWORK_SEARCH_PATHS = (
					"$(inherited)",
					"$(PROJECT_DIR)/Carthage/Build/BitByteData.xcframework/macos-arm64_x86_64",
					"$(PROJECT_DIR)/Carthage/Build/SWCompression.xcframework/macos-arm64_x86_64",
				);
				GENERATE_INFOPLIST_FILE = YES;
				INFOPLIST_FILE = MacPacker/Info.plist;
				INFOPLIST_KEY_CFBundleDisplayName = MacPacker;
				INFOPLIST_KEY_LSApplicationCategoryType = "public.app-category.utilities";
				INFOPLIST_KEY_NSHumanReadableCopyright = "";
				LD_RUNPATH_SEARCH_PATHS = (
					"$(inherited)",
					"@executable_path/../Frameworks",
				);
				MACOSX_DEPLOYMENT_TARGET = 15.0;
				MARKETING_VERSION = 0.4;
				PRODUCT_BUNDLE_IDENTIFIER = com.sarensx.MacPacker;
				PRODUCT_NAME = "$(TARGET_NAME)";
				SWIFT_EMIT_LOC_STRINGS = YES;
				SWIFT_VERSION = 5.0;
			};
			name = Debug;
		};
		25C0A8CB2A78DE62002C1C2A /* Release */ = {
			isa = XCBuildConfiguration;
			buildSettings = {
				ASSETCATALOG_COMPILER_APPICON_NAME = AppIcon;
				ASSETCATALOG_COMPILER_GLOBAL_ACCENT_COLOR_NAME = AccentColor;
				CODE_SIGN_ENTITLEMENTS = MacPacker/MacPacker.entitlements;
				CODE_SIGN_STYLE = Automatic;
				COMBINE_HIDPI_IMAGES = YES;
				CURRENT_PROJECT_VERSION = 4;
				DEVELOPMENT_ASSET_PATHS = "\"MacPacker/Preview Content\"";
				DEVELOPMENT_TEAM = ZJ2TSMMJWF;
				ENABLE_HARDENED_RUNTIME = YES;
				ENABLE_PREVIEWS = YES;
				FRAMEWORK_SEARCH_PATHS = (
					"$(inherited)",
					"$(PROJECT_DIR)/Carthage/Build/BitByteData.xcframework/macos-arm64_x86_64",
					"$(PROJECT_DIR)/Carthage/Build/SWCompression.xcframework/macos-arm64_x86_64",
				);
				GENERATE_INFOPLIST_FILE = YES;
				INFOPLIST_FILE = MacPacker/Info.plist;
				INFOPLIST_KEY_CFBundleDisplayName = MacPacker;
				INFOPLIST_KEY_LSApplicationCategoryType = "public.app-category.utilities";
				INFOPLIST_KEY_NSHumanReadableCopyright = "";
				LD_RUNPATH_SEARCH_PATHS = (
					"$(inherited)",
					"@executable_path/../Frameworks",
				);
				MACOSX_DEPLOYMENT_TARGET = 15.0;
				MARKETING_VERSION = 0.4;
				PRODUCT_BUNDLE_IDENTIFIER = com.sarensx.MacPacker;
				PRODUCT_NAME = "$(TARGET_NAME)";
				SWIFT_EMIT_LOC_STRINGS = YES;
				SWIFT_VERSION = 5.0;
			};
			name = Release;
		};
		25C0A8CD2A78DE62002C1C2A /* Debug */ = {
			isa = XCBuildConfiguration;
			buildSettings = {
				BUNDLE_LOADER = "$(TEST_HOST)";
				CODE_SIGN_IDENTITY = "Apple Development";
				"CODE_SIGN_IDENTITY[sdk=macosx*]" = "Apple Development";
				CODE_SIGN_STYLE = Automatic;
				CURRENT_PROJECT_VERSION = 1;
				DEVELOPMENT_TEAM = 88W4UN2KJH;
				GENERATE_INFOPLIST_FILE = YES;
				MACOSX_DEPLOYMENT_TARGET = 13.3;
				MARKETING_VERSION = 1.0;
				PRODUCT_BUNDLE_IDENTIFIER = com.sarensx.MacPackerTests;
				PRODUCT_NAME = "$(TARGET_NAME)";
				PROVISIONING_PROFILE_SPECIFIER = "";
				SWIFT_EMIT_LOC_STRINGS = NO;
				SWIFT_VERSION = 5.0;
				TEST_HOST = "$(BUILT_PRODUCTS_DIR)/MacPacker.app/$(BUNDLE_EXECUTABLE_FOLDER_PATH)/MacPacker";
			};
			name = Debug;
		};
		25C0A8CE2A78DE62002C1C2A /* Release */ = {
			isa = XCBuildConfiguration;
			buildSettings = {
				BUNDLE_LOADER = "$(TEST_HOST)";
				CODE_SIGN_IDENTITY = "Apple Development";
				"CODE_SIGN_IDENTITY[sdk=macosx*]" = "Apple Development";
				CODE_SIGN_STYLE = Automatic;
				CURRENT_PROJECT_VERSION = 1;
				DEVELOPMENT_TEAM = 88W4UN2KJH;
				GENERATE_INFOPLIST_FILE = YES;
				MACOSX_DEPLOYMENT_TARGET = 13.3;
				MARKETING_VERSION = 1.0;
				PRODUCT_BUNDLE_IDENTIFIER = com.sarensx.MacPackerTests;
				PRODUCT_NAME = "$(TARGET_NAME)";
				PROVISIONING_PROFILE_SPECIFIER = "";
				SWIFT_EMIT_LOC_STRINGS = NO;
				SWIFT_VERSION = 5.0;
				TEST_HOST = "$(BUILT_PRODUCTS_DIR)/MacPacker.app/$(BUNDLE_EXECUTABLE_FOLDER_PATH)/MacPacker";
			};
			name = Release;
		};
		25C0A8D02A78DE62002C1C2A /* Debug */ = {
			isa = XCBuildConfiguration;
			buildSettings = {
				CODE_SIGN_STYLE = Automatic;
				CURRENT_PROJECT_VERSION = 1;
				DEVELOPMENT_TEAM = 88W4UN2KJH;
				GENERATE_INFOPLIST_FILE = YES;
				MARKETING_VERSION = 1.0;
				PRODUCT_BUNDLE_IDENTIFIER = com.sarensx.MacPackerUITests;
				PRODUCT_NAME = "$(TARGET_NAME)";
				SWIFT_EMIT_LOC_STRINGS = NO;
				SWIFT_VERSION = 5.0;
				TEST_TARGET_NAME = MacPacker;
			};
			name = Debug;
		};
		25C0A8D12A78DE62002C1C2A /* Release */ = {
			isa = XCBuildConfiguration;
			buildSettings = {
				CODE_SIGN_STYLE = Automatic;
				CURRENT_PROJECT_VERSION = 1;
				DEVELOPMENT_TEAM = 88W4UN2KJH;
				GENERATE_INFOPLIST_FILE = YES;
				MARKETING_VERSION = 1.0;
				PRODUCT_BUNDLE_IDENTIFIER = com.sarensx.MacPackerUITests;
				PRODUCT_NAME = "$(TARGET_NAME)";
				SWIFT_EMIT_LOC_STRINGS = NO;
				SWIFT_VERSION = 5.0;
				TEST_TARGET_NAME = MacPacker;
			};
			name = Release;
		};
/* End XCBuildConfiguration section */

/* Begin XCConfigurationList section */
		254BB5562ABBE8430059A1D5 /* Build configuration list for PBXNativeTarget "MacPacker Store" */ = {
			isa = XCConfigurationList;
			buildConfigurations = (
				254BB5572ABBE8430059A1D5 /* Debug */,
				254BB5582ABBE8430059A1D5 /* Release */,
			);
			defaultConfigurationIsVisible = 0;
			defaultConfigurationName = Release;
		};
		25C0A89F2A78DE5F002C1C2A /* Build configuration list for PBXProject "MacPacker" */ = {
			isa = XCConfigurationList;
			buildConfigurations = (
				25C0A8C72A78DE62002C1C2A /* Debug */,
				25C0A8C82A78DE62002C1C2A /* Release */,
			);
			defaultConfigurationIsVisible = 0;
			defaultConfigurationName = Release;
		};
		25C0A8C92A78DE62002C1C2A /* Build configuration list for PBXNativeTarget "MacPacker" */ = {
			isa = XCConfigurationList;
			buildConfigurations = (
				25C0A8CA2A78DE62002C1C2A /* Debug */,
				25C0A8CB2A78DE62002C1C2A /* Release */,
			);
			defaultConfigurationIsVisible = 0;
			defaultConfigurationName = Release;
		};
		25C0A8CC2A78DE62002C1C2A /* Build configuration list for PBXNativeTarget "MacPackerTests" */ = {
			isa = XCConfigurationList;
			buildConfigurations = (
				25C0A8CD2A78DE62002C1C2A /* Debug */,
				25C0A8CE2A78DE62002C1C2A /* Release */,
			);
			defaultConfigurationIsVisible = 0;
			defaultConfigurationName = Release;
		};
		25C0A8CF2A78DE62002C1C2A /* Build configuration list for PBXNativeTarget "MacPackerUITests" */ = {
			isa = XCConfigurationList;
			buildConfigurations = (
				25C0A8D02A78DE62002C1C2A /* Debug */,
				25C0A8D12A78DE62002C1C2A /* Release */,
			);
			defaultConfigurationIsVisible = 0;
			defaultConfigurationName = Release;
		};
/* End XCConfigurationList section */

/* Begin XCRemoteSwiftPackageReference section */
		254BB55B2ABBE8F50059A1D5 /* XCRemoteSwiftPackageReference "Sparkle" */ = {
			isa = XCRemoteSwiftPackageReference;
			repositoryURL = "https://github.com/sparkle-project/Sparkle";
			requirement = {
				kind = upToNextMajorVersion;
				minimumVersion = 2.0.0;
			};
		};
		2592CEDB2AD4F765008DEFF8 /* XCRemoteSwiftPackageReference "ZIPFoundation" */ = {
			isa = XCRemoteSwiftPackageReference;
			repositoryURL = "https://github.com/weichsel/ZIPFoundation.git";
			requirement = {
				kind = upToNextMajorVersion;
				minimumVersion = 0.9.17;
			};
		};
		25CD1EB62D829C14007B53EE /* XCRemoteSwiftPackageReference "SWCompression" */ = {
			isa = XCRemoteSwiftPackageReference;
			repositoryURL = "https://github.com/tsolomko/SWCompression.git";
			requirement = {
				kind = upToNextMajorVersion;
				minimumVersion = 4.8.6;
			};
		};
		25CD1EB92D829CBB007B53EE /* XCRemoteSwiftPackageReference "BitByteData" */ = {
			isa = XCRemoteSwiftPackageReference;
			repositoryURL = "https://github.com/tsolomko/BitByteData.git";
			requirement = {
				kind = upToNextMajorVersion;
				minimumVersion = 2.0.4;
			};
		};
/* End XCRemoteSwiftPackageReference section */

/* Begin XCSwiftPackageProductDependency section */
		254BB55C2ABBE8F50059A1D5 /* Sparkle */ = {
			isa = XCSwiftPackageProductDependency;
			package = 254BB55B2ABBE8F50059A1D5 /* XCRemoteSwiftPackageReference "Sparkle" */;
			productName = Sparkle;
		};
		2592CEDC2AD4F765008DEFF8 /* ZIPFoundation */ = {
			isa = XCSwiftPackageProductDependency;
			package = 2592CEDB2AD4F765008DEFF8 /* XCRemoteSwiftPackageReference "ZIPFoundation" */;
			productName = ZIPFoundation;
		};
		2592CEDE2AD4F77E008DEFF8 /* ZIPFoundation */ = {
			isa = XCSwiftPackageProductDependency;
			package = 2592CEDB2AD4F765008DEFF8 /* XCRemoteSwiftPackageReference "ZIPFoundation" */;
			productName = ZIPFoundation;
		};
		25CD1EB72D829C14007B53EE /* SWCompression */ = {
			isa = XCSwiftPackageProductDependency;
			package = 25CD1EB62D829C14007B53EE /* XCRemoteSwiftPackageReference "SWCompression" */;
			productName = SWCompression;
		};
		25CD1EBA2D829CBB007B53EE /* BitByteData */ = {
			isa = XCSwiftPackageProductDependency;
			package = 25CD1EB92D829CBB007B53EE /* XCRemoteSwiftPackageReference "BitByteData" */;
			productName = BitByteData;
		};
		25CD1EBC2D829DEA007B53EE /* SWCompression */ = {
			isa = XCSwiftPackageProductDependency;
			package = 25CD1EB62D829C14007B53EE /* XCRemoteSwiftPackageReference "SWCompression" */;
			productName = SWCompression;
		};
		25CD1EBE2D829DEA007B53EE /* BitByteData */ = {
			isa = XCSwiftPackageProductDependency;
			package = 25CD1EB92D829CBB007B53EE /* XCRemoteSwiftPackageReference "BitByteData" */;
			productName = BitByteData;
		};
/* End XCSwiftPackageProductDependency section */
	};
	rootObject = 25C0A89C2A78DE5F002C1C2A /* Project object */;
}
