// !$*UTF8*$!
{
	archiveVersion = 1;
	classes = {
	};
	objectVersion = 56;
	objects = {

/* Begin PBXBuildFile section */
		251C7A3E2AA02D9600CD4C86 /* ArchiveView.swift in Sources */ = {isa = PBXBuildFile; fileRef = 251C7A3D2AA02D9600CD4C86 /* ArchiveView.swift */; };
		252960992A945BDC00551F53 /* Toolbar.swift in Sources */ = {isa = PBXBuildFile; fileRef = 252960982A945BDC00551F53 /* Toolbar.swift */; };
		2529609B2A94617900551F53 /* IArchive.swift in Sources */ = {isa = PBXBuildFile; fileRef = 2529609A2A94617900551F53 /* IArchive.swift */; };
		2529609D2A94619C00551F53 /* ArchiveTar.swift in Sources */ = {isa = PBXBuildFile; fileRef = 2529609C2A94619C00551F53 /* ArchiveTar.swift */; };
		254BB5422ABBE8430059A1D5 /* ArchiveTableView.swift in Sources */ = {isa = PBXBuildFile; fileRef = 25F32CA02A9EEE1C002ED5A4 /* ArchiveTableView.swift */; };
		254BB5432ABBE8430059A1D5 /* ArchiveLz4.swift in Sources */ = {isa = PBXBuildFile; fileRef = 259847C82A81F27900E8CDD9 /* ArchiveLz4.swift */; };
		254BB5452ABBE8430059A1D5 /* FileItem.swift in Sources */ = {isa = PBXBuildFile; fileRef = 25C0A8E92A7B7013002C1C2A /* FileItem.swift */; };
		254BB5472ABBE8430059A1D5 /* FileItemStack.swift in Sources */ = {isa = PBXBuildFile; fileRef = 259847C52A81E62000E8CDD9 /* FileItemStack.swift */; };
		254BB5482ABBE8430059A1D5 /* ContentView.swift in Sources */ = {isa = PBXBuildFile; fileRef = 25C0A8A92A78DE5F002C1C2A /* ContentView.swift */; };
		254BB5492ABBE8430059A1D5 /* ArchiveView.swift in Sources */ = {isa = PBXBuildFile; fileRef = 251C7A3D2AA02D9600CD4C86 /* ArchiveView.swift */; };
		254BB54A2ABBE8430059A1D5 /* FileContainer.swift in Sources */ = {isa = PBXBuildFile; fileRef = 25C62FB32A7C998B00ED5CDE /* FileContainer.swift */; };
		254BB54B2ABBE8430059A1D5 /* Toolbar.swift in Sources */ = {isa = PBXBuildFile; fileRef = 252960982A945BDC00551F53 /* Toolbar.swift */; };
		254BB54C2ABBE8430059A1D5 /* ArchiveTar.swift in Sources */ = {isa = PBXBuildFile; fileRef = 2529609C2A94619C00551F53 /* ArchiveTar.swift */; };
		254BB54E2ABBE8430059A1D5 /* MacPackerApp.swift in Sources */ = {isa = PBXBuildFile; fileRef = 25C0A8A72A78DE5F002C1C2A /* MacPackerApp.swift */; };
		254BB54F2ABBE8430059A1D5 /* IArchive.swift in Sources */ = {isa = PBXBuildFile; fileRef = 2529609A2A94617900551F53 /* IArchive.swift */; };
		254BB5512ABBE8430059A1D5 /* BitByteData in Frameworks */ = {isa = PBXBuildFile; productRef = 254BB53F2ABBE8430059A1D5 /* BitByteData */; };
		254BB5522ABBE8430059A1D5 /* SWCompression in Frameworks */ = {isa = PBXBuildFile; productRef = 254BB53D2ABBE8430059A1D5 /* SWCompression */; };
		254BB5542ABBE8430059A1D5 /* Preview Assets.xcassets in Resources */ = {isa = PBXBuildFile; fileRef = 25C0A8AE2A78DE61002C1C2A /* Preview Assets.xcassets */; };
		254BB5552ABBE8430059A1D5 /* Assets.xcassets in Resources */ = {isa = PBXBuildFile; fileRef = 25C0A8AB2A78DE61002C1C2A /* Assets.xcassets */; };
		254BB55D2ABBE8F50059A1D5 /* Sparkle in Frameworks */ = {isa = PBXBuildFile; productRef = 254BB55C2ABBE8F50059A1D5 /* Sparkle */; };
		254BB55F2ABBE9D10059A1D5 /* CheckForUpdatesView.swift in Sources */ = {isa = PBXBuildFile; fileRef = 254BB55E2ABBE9D10059A1D5 /* CheckForUpdatesView.swift */; };
		258C67F82ABB542200CE230E /* BitByteData in Frameworks */ = {isa = PBXBuildFile; productRef = 258C67F72ABB542200CE230E /* BitByteData */; };
		259847C62A81E62000E8CDD9 /* FileItemStack.swift in Sources */ = {isa = PBXBuildFile; fileRef = 259847C52A81E62000E8CDD9 /* FileItemStack.swift */; };
		259847C92A81F27900E8CDD9 /* ArchiveLz4.swift in Sources */ = {isa = PBXBuildFile; fileRef = 259847C82A81F27900E8CDD9 /* ArchiveLz4.swift */; };
		259847CC2A891E8200E8CDD9 /* SWCompression in Frameworks */ = {isa = PBXBuildFile; productRef = 259847CB2A891E8200E8CDD9 /* SWCompression */; };
		25C0A8A82A78DE5F002C1C2A /* MacPackerApp.swift in Sources */ = {isa = PBXBuildFile; fileRef = 25C0A8A72A78DE5F002C1C2A /* MacPackerApp.swift */; };
		25C0A8AA2A78DE5F002C1C2A /* ContentView.swift in Sources */ = {isa = PBXBuildFile; fileRef = 25C0A8A92A78DE5F002C1C2A /* ContentView.swift */; };
		25C0A8AC2A78DE61002C1C2A /* Assets.xcassets in Resources */ = {isa = PBXBuildFile; fileRef = 25C0A8AB2A78DE61002C1C2A /* Assets.xcassets */; };
		25C0A8AF2A78DE61002C1C2A /* Preview Assets.xcassets in Resources */ = {isa = PBXBuildFile; fileRef = 25C0A8AE2A78DE61002C1C2A /* Preview Assets.xcassets */; };
		25C0A8BA2A78DE62002C1C2A /* MacPackerTests.swift in Sources */ = {isa = PBXBuildFile; fileRef = 25C0A8B92A78DE62002C1C2A /* MacPackerTests.swift */; };
		25C0A8C42A78DE62002C1C2A /* MacPackerUITests.swift in Sources */ = {isa = PBXBuildFile; fileRef = 25C0A8C32A78DE62002C1C2A /* MacPackerUITests.swift */; };
		25C0A8C62A78DE62002C1C2A /* MacPackerUITestsLaunchTests.swift in Sources */ = {isa = PBXBuildFile; fileRef = 25C0A8C52A78DE62002C1C2A /* MacPackerUITestsLaunchTests.swift */; };
		25C0A8EA2A7B7013002C1C2A /* FileItem.swift in Sources */ = {isa = PBXBuildFile; fileRef = 25C0A8E92A7B7013002C1C2A /* FileItem.swift */; };
		25C62FB42A7C998B00ED5CDE /* FileContainer.swift in Sources */ = {isa = PBXBuildFile; fileRef = 25C62FB32A7C998B00ED5CDE /* FileContainer.swift */; };
		25CF96872AC06E34000A7601 /* Archive2.swift in Sources */ = {isa = PBXBuildFile; fileRef = 25CF96862AC06E34000A7601 /* Archive2.swift */; };
		25CF96882AC06E34000A7601 /* Archive2.swift in Sources */ = {isa = PBXBuildFile; fileRef = 25CF96862AC06E34000A7601 /* Archive2.swift */; };
		25CF968A2AC09398000A7601 /* ArchiveZip.swift in Sources */ = {isa = PBXBuildFile; fileRef = 25CF96892AC09398000A7601 /* ArchiveZip.swift */; };
		25CF968B2AC09398000A7601 /* ArchiveZip.swift in Sources */ = {isa = PBXBuildFile; fileRef = 25CF96892AC09398000A7601 /* ArchiveZip.swift */; };
		25CF968D2AC09B8C000A7601 /* CHANGELOG in Resources */ = {isa = PBXBuildFile; fileRef = 25CF968C2AC09B8C000A7601 /* CHANGELOG */; };
		25CF968E2AC09B8C000A7601 /* CHANGELOG in Resources */ = {isa = PBXBuildFile; fileRef = 25CF968C2AC09B8C000A7601 /* CHANGELOG */; };
		25D4F0A92AD39A4E003FBAA4 /* Archive.swift in Sources */ = {isa = PBXBuildFile; fileRef = 25D4F0A82AD39A4E003FBAA4 /* Archive.swift */; };
		25D4F0AA2AD39A4E003FBAA4 /* Archive.swift in Sources */ = {isa = PBXBuildFile; fileRef = 25D4F0A82AD39A4E003FBAA4 /* Archive.swift */; };
		25F32CA12A9EEE1C002ED5A4 /* ArchiveTableView.swift in Sources */ = {isa = PBXBuildFile; fileRef = 25F32CA02A9EEE1C002ED5A4 /* ArchiveTableView.swift */; };
		25FF4ACE2ABC9C5900E060A7 /* AboutView.swift in Sources */ = {isa = PBXBuildFile; fileRef = 25FF4ACD2ABC9C5900E060A7 /* AboutView.swift */; };
		25FF4ACF2ABC9C5900E060A7 /* AboutView.swift in Sources */ = {isa = PBXBuildFile; fileRef = 25FF4ACD2ABC9C5900E060A7 /* AboutView.swift */; };
		25FF4AD12ABC9C6300E060A7 /* AboutWindowController.swift in Sources */ = {isa = PBXBuildFile; fileRef = 25FF4AD02ABC9C6300E060A7 /* AboutWindowController.swift */; };
		25FF4AD22ABC9C6300E060A7 /* AboutWindowController.swift in Sources */ = {isa = PBXBuildFile; fileRef = 25FF4AD02ABC9C6300E060A7 /* AboutWindowController.swift */; };
		25FF4AD42ABD23B200E060A7 /* WelcomeView.swift in Sources */ = {isa = PBXBuildFile; fileRef = 25FF4AD32ABD23B200E060A7 /* WelcomeView.swift */; };
		25FF4AD52ABD23B200E060A7 /* WelcomeView.swift in Sources */ = {isa = PBXBuildFile; fileRef = 25FF4AD32ABD23B200E060A7 /* WelcomeView.swift */; };
		25FF4AD72ABD3B4200E060A7 /* WelcomeWindowController.swift in Sources */ = {isa = PBXBuildFile; fileRef = 25FF4AD62ABD3B4200E060A7 /* WelcomeWindowController.swift */; };
		25FF4AD82ABD3B4200E060A7 /* WelcomeWindowController.swift in Sources */ = {isa = PBXBuildFile; fileRef = 25FF4AD62ABD3B4200E060A7 /* WelcomeWindowController.swift */; };
/* End PBXBuildFile section */

/* Begin PBXContainerItemProxy section */
		25C0A8B62A78DE62002C1C2A /* PBXContainerItemProxy */ = {
			isa = PBXContainerItemProxy;
			containerPortal = 25C0A89C2A78DE5F002C1C2A /* Project object */;
			proxyType = 1;
			remoteGlobalIDString = 25C0A8A32A78DE5F002C1C2A;
			remoteInfo = MacPacker;
		};
		25C0A8C02A78DE62002C1C2A /* PBXContainerItemProxy */ = {
			isa = PBXContainerItemProxy;
			containerPortal = 25C0A89C2A78DE5F002C1C2A /* Project object */;
			proxyType = 1;
			remoteGlobalIDString = 25C0A8A32A78DE5F002C1C2A;
			remoteInfo = MacPacker;
		};
/* End PBXContainerItemProxy section */

/* Begin PBXFileReference section */
		251C7A3D2AA02D9600CD4C86 /* ArchiveView.swift */ = {isa = PBXFileReference; lastKnownFileType = sourcecode.swift; path = ArchiveView.swift; sourceTree = "<group>"; };
		252960982A945BDC00551F53 /* Toolbar.swift */ = {isa = PBXFileReference; lastKnownFileType = sourcecode.swift; path = Toolbar.swift; sourceTree = "<group>"; };
		2529609A2A94617900551F53 /* IArchive.swift */ = {isa = PBXFileReference; lastKnownFileType = sourcecode.swift; path = IArchive.swift; sourceTree = "<group>"; };
		2529609C2A94619C00551F53 /* ArchiveTar.swift */ = {isa = PBXFileReference; lastKnownFileType = sourcecode.swift; path = ArchiveTar.swift; sourceTree = "<group>"; };
		254BB5592ABBE8430059A1D5 /* MacPacker Store.app */ = {isa = PBXFileReference; explicitFileType = wrapper.application; includeInIndex = 0; path = "MacPacker Store.app"; sourceTree = BUILT_PRODUCTS_DIR; };
		254BB55A2ABBE8430059A1D5 /* MacPacker copy-Info.plist */ = {isa = PBXFileReference; lastKnownFileType = text.plist.xml; name = "MacPacker copy-Info.plist"; path = "/Users/sarensw/Documents/Private/Projects/MacPacker/MacPacker copy-Info.plist"; sourceTree = "<absolute>"; };
		254BB55E2ABBE9D10059A1D5 /* CheckForUpdatesView.swift */ = {isa = PBXFileReference; lastKnownFileType = sourcecode.swift; path = CheckForUpdatesView.swift; sourceTree = "<group>"; };
		259847C52A81E62000E8CDD9 /* FileItemStack.swift */ = {isa = PBXFileReference; lastKnownFileType = sourcecode.swift; path = FileItemStack.swift; sourceTree = "<group>"; };
		259847C82A81F27900E8CDD9 /* ArchiveLz4.swift */ = {isa = PBXFileReference; lastKnownFileType = sourcecode.swift; path = ArchiveLz4.swift; sourceTree = "<group>"; };
		25C0A8A42A78DE5F002C1C2A /* MacPacker.app */ = {isa = PBXFileReference; explicitFileType = wrapper.application; includeInIndex = 0; path = MacPacker.app; sourceTree = BUILT_PRODUCTS_DIR; };
		25C0A8A72A78DE5F002C1C2A /* MacPackerApp.swift */ = {isa = PBXFileReference; lastKnownFileType = sourcecode.swift; path = MacPackerApp.swift; sourceTree = "<group>"; };
		25C0A8A92A78DE5F002C1C2A /* ContentView.swift */ = {isa = PBXFileReference; lastKnownFileType = sourcecode.swift; path = ContentView.swift; sourceTree = "<group>"; };
		25C0A8AB2A78DE61002C1C2A /* Assets.xcassets */ = {isa = PBXFileReference; lastKnownFileType = folder.assetcatalog; path = Assets.xcassets; sourceTree = "<group>"; };
		25C0A8AE2A78DE61002C1C2A /* Preview Assets.xcassets */ = {isa = PBXFileReference; lastKnownFileType = folder.assetcatalog; path = "Preview Assets.xcassets"; sourceTree = "<group>"; };
		25C0A8B02A78DE61002C1C2A /* MacPacker.entitlements */ = {isa = PBXFileReference; lastKnownFileType = text.plist.entitlements; path = MacPacker.entitlements; sourceTree = "<group>"; };
		25C0A8B52A78DE62002C1C2A /* MacPackerTests.xctest */ = {isa = PBXFileReference; explicitFileType = wrapper.cfbundle; includeInIndex = 0; path = MacPackerTests.xctest; sourceTree = BUILT_PRODUCTS_DIR; };
		25C0A8B92A78DE62002C1C2A /* MacPackerTests.swift */ = {isa = PBXFileReference; lastKnownFileType = sourcecode.swift; path = MacPackerTests.swift; sourceTree = "<group>"; };
		25C0A8BF2A78DE62002C1C2A /* MacPackerUITests.xctest */ = {isa = PBXFileReference; explicitFileType = wrapper.cfbundle; includeInIndex = 0; path = MacPackerUITests.xctest; sourceTree = BUILT_PRODUCTS_DIR; };
		25C0A8C32A78DE62002C1C2A /* MacPackerUITests.swift */ = {isa = PBXFileReference; lastKnownFileType = sourcecode.swift; path = MacPackerUITests.swift; sourceTree = "<group>"; };
		25C0A8C52A78DE62002C1C2A /* MacPackerUITestsLaunchTests.swift */ = {isa = PBXFileReference; lastKnownFileType = sourcecode.swift; path = MacPackerUITestsLaunchTests.swift; sourceTree = "<group>"; };
		25C0A8D22A78DF92002C1C2A /* Info.plist */ = {isa = PBXFileReference; lastKnownFileType = text.plist; path = Info.plist; sourceTree = "<group>"; };
		25C0A8E92A7B7013002C1C2A /* FileItem.swift */ = {isa = PBXFileReference; lastKnownFileType = sourcecode.swift; path = FileItem.swift; sourceTree = "<group>"; };
		25C62FB32A7C998B00ED5CDE /* FileContainer.swift */ = {isa = PBXFileReference; lastKnownFileType = sourcecode.swift; path = FileContainer.swift; sourceTree = "<group>"; };
		25CF96862AC06E34000A7601 /* Archive2.swift */ = {isa = PBXFileReference; lastKnownFileType = sourcecode.swift; path = Archive2.swift; sourceTree = "<group>"; };
		25CF96892AC09398000A7601 /* ArchiveZip.swift */ = {isa = PBXFileReference; lastKnownFileType = sourcecode.swift; path = ArchiveZip.swift; sourceTree = "<group>"; };
		25CF968C2AC09B8C000A7601 /* CHANGELOG */ = {isa = PBXFileReference; lastKnownFileType = text; path = CHANGELOG; sourceTree = "<group>"; };
		25D4F0A82AD39A4E003FBAA4 /* Archive.swift */ = {isa = PBXFileReference; lastKnownFileType = sourcecode.swift; path = Archive.swift; sourceTree = "<group>"; };
		25F32CA02A9EEE1C002ED5A4 /* ArchiveTableView.swift */ = {isa = PBXFileReference; lastKnownFileType = sourcecode.swift; path = ArchiveTableView.swift; sourceTree = "<group>"; };
		25FF4ACD2ABC9C5900E060A7 /* AboutView.swift */ = {isa = PBXFileReference; fileEncoding = 4; lastKnownFileType = sourcecode.swift; path = AboutView.swift; sourceTree = "<group>"; };
		25FF4AD02ABC9C6300E060A7 /* AboutWindowController.swift */ = {isa = PBXFileReference; fileEncoding = 4; lastKnownFileType = sourcecode.swift; path = AboutWindowController.swift; sourceTree = "<group>"; };
		25FF4AD32ABD23B200E060A7 /* WelcomeView.swift */ = {isa = PBXFileReference; lastKnownFileType = sourcecode.swift; path = WelcomeView.swift; sourceTree = "<group>"; };
		25FF4AD62ABD3B4200E060A7 /* WelcomeWindowController.swift */ = {isa = PBXFileReference; lastKnownFileType = sourcecode.swift; path = WelcomeWindowController.swift; sourceTree = "<group>"; };
/* End PBXFileReference section */

/* Begin PBXFrameworksBuildPhase section */
		254BB5502ABBE8430059A1D5 /* Frameworks */ = {
			isa = PBXFrameworksBuildPhase;
			buildActionMask = 2147483647;
			files = (
				254BB5512ABBE8430059A1D5 /* BitByteData in Frameworks */,
				254BB5522ABBE8430059A1D5 /* SWCompression in Frameworks */,
			);
			runOnlyForDeploymentPostprocessing = 0;
		};
		25C0A8A12A78DE5F002C1C2A /* Frameworks */ = {
			isa = PBXFrameworksBuildPhase;
			buildActionMask = 2147483647;
			files = (
				254BB55D2ABBE8F50059A1D5 /* Sparkle in Frameworks */,
				258C67F82ABB542200CE230E /* BitByteData in Frameworks */,
				259847CC2A891E8200E8CDD9 /* SWCompression in Frameworks */,
			);
			runOnlyForDeploymentPostprocessing = 0;
		};
		25C0A8B22A78DE62002C1C2A /* Frameworks */ = {
			isa = PBXFrameworksBuildPhase;
			buildActionMask = 2147483647;
			files = (
			);
			runOnlyForDeploymentPostprocessing = 0;
		};
		25C0A8BC2A78DE62002C1C2A /* Frameworks */ = {
			isa = PBXFrameworksBuildPhase;
			buildActionMask = 2147483647;
			files = (
			);
			runOnlyForDeploymentPostprocessing = 0;
		};
/* End PBXFrameworksBuildPhase section */

/* Begin PBXGroup section */
		259847C72A81F24500E8CDD9 /* Archive */ = {
			isa = PBXGroup;
			children = (
				25D4F0A82AD39A4E003FBAA4 /* Archive.swift */,
				259847C82A81F27900E8CDD9 /* ArchiveLz4.swift */,
				25CF96892AC09398000A7601 /* ArchiveZip.swift */,
				2529609C2A94619C00551F53 /* ArchiveTar.swift */,
				2529609A2A94617900551F53 /* IArchive.swift */,
			);
			path = Archive;
			sourceTree = "<group>";
		};
		25C0A89B2A78DE5F002C1C2A = {
			isa = PBXGroup;
			children = (
				25C0A8DA2A7B5339002C1C2A /* Packages */,
				25C0A8A62A78DE5F002C1C2A /* MacPacker */,
				25C0A8B82A78DE62002C1C2A /* MacPackerTests */,
				25C0A8C22A78DE62002C1C2A /* MacPackerUITests */,
				25C0A8A52A78DE5F002C1C2A /* Products */,
				25C0A8DF2A7B5569002C1C2A /* Frameworks */,
				254BB55A2ABBE8430059A1D5 /* MacPacker copy-Info.plist */,
			);
			sourceTree = "<group>";
		};
		25C0A8A52A78DE5F002C1C2A /* Products */ = {
			isa = PBXGroup;
			children = (
				25C0A8A42A78DE5F002C1C2A /* MacPacker.app */,
				25C0A8B52A78DE62002C1C2A /* MacPackerTests.xctest */,
				25C0A8BF2A78DE62002C1C2A /* MacPackerUITests.xctest */,
				254BB5592ABBE8430059A1D5 /* MacPacker Store.app */,
			);
			name = Products;
			sourceTree = "<group>";
		};
		25C0A8A62A78DE5F002C1C2A /* MacPacker */ = {
			isa = PBXGroup;
			children = (
				259847C72A81F24500E8CDD9 /* Archive */,
				25C0A8E82A7B7007002C1C2A /* Model */,
				25C0A8E22A7B57C1002C1C2A /* Utility */,
				25C0A8DC2A7B54E2002C1C2A /* View */,
				25FF4ACB2ABC9BA000E060A7 /* Windows */,
				25C0A8D22A78DF92002C1C2A /* Info.plist */,
				25C0A8A72A78DE5F002C1C2A /* MacPackerApp.swift */,
				25C0A8AB2A78DE61002C1C2A /* Assets.xcassets */,
				25C0A8B02A78DE61002C1C2A /* MacPacker.entitlements */,
				25C0A8AD2A78DE61002C1C2A /* Preview Content */,
				25CF968C2AC09B8C000A7601 /* CHANGELOG */,
			);
			path = MacPacker;
			sourceTree = "<group>";
		};
		25C0A8AD2A78DE61002C1C2A /* Preview Content */ = {
			isa = PBXGroup;
			children = (
				25C0A8AE2A78DE61002C1C2A /* Preview Assets.xcassets */,
			);
			path = "Preview Content";
			sourceTree = "<group>";
		};
		25C0A8B82A78DE62002C1C2A /* MacPackerTests */ = {
			isa = PBXGroup;
			children = (
				25C0A8B92A78DE62002C1C2A /* MacPackerTests.swift */,
			);
			path = MacPackerTests;
			sourceTree = "<group>";
		};
		25C0A8C22A78DE62002C1C2A /* MacPackerUITests */ = {
			isa = PBXGroup;
			children = (
				25C0A8C32A78DE62002C1C2A /* MacPackerUITests.swift */,
				25C0A8C52A78DE62002C1C2A /* MacPackerUITestsLaunchTests.swift */,
			);
			path = MacPackerUITests;
			sourceTree = "<group>";
		};
		25C0A8DA2A7B5339002C1C2A /* Packages */ = {
			isa = PBXGroup;
			children = (
			);
			name = Packages;
			sourceTree = "<group>";
		};
		25C0A8DC2A7B54E2002C1C2A /* View */ = {
			isa = PBXGroup;
			children = (
				25FF4ACC2ABC9C0500E060A7 /* Preferences */,
				25F32CA02A9EEE1C002ED5A4 /* ArchiveTableView.swift */,
				251C7A3D2AA02D9600CD4C86 /* ArchiveView.swift */,
				254BB55E2ABBE9D10059A1D5 /* CheckForUpdatesView.swift */,
				25C0A8A92A78DE5F002C1C2A /* ContentView.swift */,
				252960982A945BDC00551F53 /* Toolbar.swift */,
			);
			path = View;
			sourceTree = "<group>";
		};
		25C0A8DF2A7B5569002C1C2A /* Frameworks */ = {
			isa = PBXGroup;
			children = (
			);
			name = Frameworks;
			sourceTree = "<group>";
		};
		25C0A8E22A7B57C1002C1C2A /* Utility */ = {
			isa = PBXGroup;
			children = (
			);
			path = Utility;
			sourceTree = "<group>";
		};
		25C0A8E82A7B7007002C1C2A /* Model */ = {
			isa = PBXGroup;
			children = (
				25CF96862AC06E34000A7601 /* Archive2.swift */,
				25C62FB32A7C998B00ED5CDE /* FileContainer.swift */,
				25C0A8E92A7B7013002C1C2A /* FileItem.swift */,
				259847C52A81E62000E8CDD9 /* FileItemStack.swift */,
			);
			path = Model;
			sourceTree = "<group>";
		};
		25FF4ACB2ABC9BA000E060A7 /* Windows */ = {
			isa = PBXGroup;
			children = (
				25FF4AD02ABC9C6300E060A7 /* AboutWindowController.swift */,
				25FF4AD62ABD3B4200E060A7 /* WelcomeWindowController.swift */,
			);
			path = Windows;
			sourceTree = "<group>";
		};
		25FF4ACC2ABC9C0500E060A7 /* Preferences */ = {
			isa = PBXGroup;
			children = (
				25FF4ACD2ABC9C5900E060A7 /* AboutView.swift */,
				25FF4AD32ABD23B200E060A7 /* WelcomeView.swift */,
			);
			path = Preferences;
			sourceTree = "<group>";
		};
/* End PBXGroup section */

/* Begin PBXNativeTarget section */
		254BB53C2ABBE8430059A1D5 /* MacPacker Store */ = {
			isa = PBXNativeTarget;
			buildConfigurationList = 254BB5562ABBE8430059A1D5 /* Build configuration list for PBXNativeTarget "MacPacker Store" */;
			buildPhases = (
				254BB5412ABBE8430059A1D5 /* Sources */,
				254BB5502ABBE8430059A1D5 /* Frameworks */,
				254BB5532ABBE8430059A1D5 /* Resources */,
			);
			buildRules = (
			);
			dependencies = (
			);
			name = "MacPacker Store";
			packageProductDependencies = (
				254BB53D2ABBE8430059A1D5 /* SWCompression */,
				254BB53F2ABBE8430059A1D5 /* BitByteData */,
			);
			productName = MacPacker;
			productReference = 254BB5592ABBE8430059A1D5 /* MacPacker Store.app */;
			productType = "com.apple.product-type.application";
		};
		25C0A8A32A78DE5F002C1C2A /* MacPacker */ = {
			isa = PBXNativeTarget;
			buildConfigurationList = 25C0A8C92A78DE62002C1C2A /* Build configuration list for PBXNativeTarget "MacPacker" */;
			buildPhases = (
				25C0A8A02A78DE5F002C1C2A /* Sources */,
				25C0A8A12A78DE5F002C1C2A /* Frameworks */,
				25C0A8A22A78DE5F002C1C2A /* Resources */,
			);
			buildRules = (
			);
			dependencies = (
			);
			name = MacPacker;
			packageProductDependencies = (
				259847CB2A891E8200E8CDD9 /* SWCompression */,
				258C67F72ABB542200CE230E /* BitByteData */,
				254BB55C2ABBE8F50059A1D5 /* Sparkle */,
			);
			productName = MacPacker;
			productReference = 25C0A8A42A78DE5F002C1C2A /* MacPacker.app */;
			productType = "com.apple.product-type.application";
		};
		25C0A8B42A78DE62002C1C2A /* MacPackerTests */ = {
			isa = PBXNativeTarget;
			buildConfigurationList = 25C0A8CC2A78DE62002C1C2A /* Build configuration list for PBXNativeTarget "MacPackerTests" */;
			buildPhases = (
				25C0A8B12A78DE62002C1C2A /* Sources */,
				25C0A8B22A78DE62002C1C2A /* Frameworks */,
				25C0A8B32A78DE62002C1C2A /* Resources */,
			);
			buildRules = (
			);
			dependencies = (
				25C0A8B72A78DE62002C1C2A /* PBXTargetDependency */,
			);
			name = MacPackerTests;
			productName = MacPackerTests;
			productReference = 25C0A8B52A78DE62002C1C2A /* MacPackerTests.xctest */;
			productType = "com.apple.product-type.bundle.unit-test";
		};
		25C0A8BE2A78DE62002C1C2A /* MacPackerUITests */ = {
			isa = PBXNativeTarget;
			buildConfigurationList = 25C0A8CF2A78DE62002C1C2A /* Build configuration list for PBXNativeTarget "MacPackerUITests" */;
			buildPhases = (
				25C0A8BB2A78DE62002C1C2A /* Sources */,
				25C0A8BC2A78DE62002C1C2A /* Frameworks */,
				25C0A8BD2A78DE62002C1C2A /* Resources */,
			);
			buildRules = (
			);
			dependencies = (
				25C0A8C12A78DE62002C1C2A /* PBXTargetDependency */,
			);
			name = MacPackerUITests;
			productName = MacPackerUITests;
			productReference = 25C0A8BF2A78DE62002C1C2A /* MacPackerUITests.xctest */;
			productType = "com.apple.product-type.bundle.ui-testing";
		};
/* End PBXNativeTarget section */

/* Begin PBXProject section */
		25C0A89C2A78DE5F002C1C2A /* Project object */ = {
			isa = PBXProject;
			attributes = {
				BuildIndependentTargetsInParallel = 1;
				LastSwiftUpdateCheck = 1430;
				LastUpgradeCheck = 1430;
				TargetAttributes = {
					25C0A8A32A78DE5F002C1C2A = {
						CreatedOnToolsVersion = 14.3.1;
					};
					25C0A8B42A78DE62002C1C2A = {
						CreatedOnToolsVersion = 14.3.1;
						TestTargetID = 25C0A8A32A78DE5F002C1C2A;
					};
					25C0A8BE2A78DE62002C1C2A = {
						CreatedOnToolsVersion = 14.3.1;
						TestTargetID = 25C0A8A32A78DE5F002C1C2A;
					};
				};
			};
			buildConfigurationList = 25C0A89F2A78DE5F002C1C2A /* Build configuration list for PBXProject "MacPacker" */;
			compatibilityVersion = "Xcode 14.0";
			developmentRegion = en;
			hasScannedForEncodings = 0;
			knownRegions = (
				en,
				Base,
			);
			mainGroup = 25C0A89B2A78DE5F002C1C2A;
			packageReferences = (
				259847CA2A891E8100E8CDD9 /* XCRemoteSwiftPackageReference "SWCompression" */,
				258C67F62ABB542200CE230E /* XCRemoteSwiftPackageReference "BitByteData" */,
				254BB55B2ABBE8F50059A1D5 /* XCRemoteSwiftPackageReference "Sparkle" */,
			);
			productRefGroup = 25C0A8A52A78DE5F002C1C2A /* Products */;
			projectDirPath = "";
			projectRoot = "";
			targets = (
				25C0A8A32A78DE5F002C1C2A /* MacPacker */,
				254BB53C2ABBE8430059A1D5 /* MacPacker Store */,
				25C0A8B42A78DE62002C1C2A /* MacPackerTests */,
				25C0A8BE2A78DE62002C1C2A /* MacPackerUITests */,
			);
		};
/* End PBXProject section */

/* Begin PBXResourcesBuildPhase section */
		254BB5532ABBE8430059A1D5 /* Resources */ = {
			isa = PBXResourcesBuildPhase;
			buildActionMask = 2147483647;
			files = (
				254BB5542ABBE8430059A1D5 /* Preview Assets.xcassets in Resources */,
				254BB5552ABBE8430059A1D5 /* Assets.xcassets in Resources */,
				25CF968E2AC09B8C000A7601 /* CHANGELOG in Resources */,
			);
			runOnlyForDeploymentPostprocessing = 0;
		};
		25C0A8A22A78DE5F002C1C2A /* Resources */ = {
			isa = PBXResourcesBuildPhase;
			buildActionMask = 2147483647;
			files = (
				25C0A8AF2A78DE61002C1C2A /* Preview Assets.xcassets in Resources */,
				25C0A8AC2A78DE61002C1C2A /* Assets.xcassets in Resources */,
				25CF968D2AC09B8C000A7601 /* CHANGELOG in Resources */,
			);
			runOnlyForDeploymentPostprocessing = 0;
		};
		25C0A8B32A78DE62002C1C2A /* Resources */ = {
			isa = PBXResourcesBuildPhase;
			buildActionMask = 2147483647;
			files = (
			);
			runOnlyForDeploymentPostprocessing = 0;
		};
		25C0A8BD2A78DE62002C1C2A /* Resources */ = {
			isa = PBXResourcesBuildPhase;
			buildActionMask = 2147483647;
			files = (
			);
			runOnlyForDeploymentPostprocessing = 0;
		};
/* End PBXResourcesBuildPhase section */

/* Begin PBXSourcesBuildPhase section */
		254BB5412ABBE8430059A1D5 /* Sources */ = {
			isa = PBXSourcesBuildPhase;
			buildActionMask = 2147483647;
			files = (
				25CF968B2AC09398000A7601 /* ArchiveZip.swift in Sources */,
				254BB5422ABBE8430059A1D5 /* ArchiveTableView.swift in Sources */,
				25FF4AD82ABD3B4200E060A7 /* WelcomeWindowController.swift in Sources */,
				254BB5432ABBE8430059A1D5 /* ArchiveLz4.swift in Sources */,
				254BB5452ABBE8430059A1D5 /* FileItem.swift in Sources */,
				25FF4AD22ABC9C6300E060A7 /* AboutWindowController.swift in Sources */,
				254BB5472ABBE8430059A1D5 /* FileItemStack.swift in Sources */,
				25FF4ACF2ABC9C5900E060A7 /* AboutView.swift in Sources */,
				254BB5482ABBE8430059A1D5 /* ContentView.swift in Sources */,
				254BB5492ABBE8430059A1D5 /* ArchiveView.swift in Sources */,
				25D4F0AA2AD39A4E003FBAA4 /* Archive.swift in Sources */,
				254BB54A2ABBE8430059A1D5 /* FileContainer.swift in Sources */,
				254BB54B2ABBE8430059A1D5 /* Toolbar.swift in Sources */,
				254BB54C2ABBE8430059A1D5 /* ArchiveTar.swift in Sources */,
				254BB54E2ABBE8430059A1D5 /* MacPackerApp.swift in Sources */,
				25CF96882AC06E34000A7601 /* Archive2.swift in Sources */,
				254BB54F2ABBE8430059A1D5 /* IArchive.swift in Sources */,
				25FF4AD52ABD23B200E060A7 /* WelcomeView.swift in Sources */,
			);
			runOnlyForDeploymentPostprocessing = 0;
		};
		25C0A8A02A78DE5F002C1C2A /* Sources */ = {
			isa = PBXSourcesBuildPhase;
			buildActionMask = 2147483647;
			files = (
				25FF4AD72ABD3B4200E060A7 /* WelcomeWindowController.swift in Sources */,
				25F32CA12A9EEE1C002ED5A4 /* ArchiveTableView.swift in Sources */,
				25CF96872AC06E34000A7601 /* Archive2.swift in Sources */,
				259847C92A81F27900E8CDD9 /* ArchiveLz4.swift in Sources */,
				25C0A8EA2A7B7013002C1C2A /* FileItem.swift in Sources */,
				259847C62A81E62000E8CDD9 /* FileItemStack.swift in Sources */,
				25FF4ACE2ABC9C5900E060A7 /* AboutView.swift in Sources */,
				25D4F0A92AD39A4E003FBAA4 /* Archive.swift in Sources */,
				25C0A8AA2A78DE5F002C1C2A /* ContentView.swift in Sources */,
				251C7A3E2AA02D9600CD4C86 /* ArchiveView.swift in Sources */,
				254BB55F2ABBE9D10059A1D5 /* CheckForUpdatesView.swift in Sources */,
				25CF968A2AC09398000A7601 /* ArchiveZip.swift in Sources */,
				25C62FB42A7C998B00ED5CDE /* FileContainer.swift in Sources */,
				252960992A945BDC00551F53 /* Toolbar.swift in Sources */,
				25FF4AD42ABD23B200E060A7 /* WelcomeView.swift in Sources */,
				2529609D2A94619C00551F53 /* ArchiveTar.swift in Sources */,
				25C0A8A82A78DE5F002C1C2A /* MacPackerApp.swift in Sources */,
				2529609B2A94617900551F53 /* IArchive.swift in Sources */,
				25FF4AD12ABC9C6300E060A7 /* AboutWindowController.swift in Sources */,
			);
			runOnlyForDeploymentPostprocessing = 0;
		};
		25C0A8B12A78DE62002C1C2A /* Sources */ = {
			isa = PBXSourcesBuildPhase;
			buildActionMask = 2147483647;
			files = (
				25C0A8BA2A78DE62002C1C2A /* MacPackerTests.swift in Sources */,
			);
			runOnlyForDeploymentPostprocessing = 0;
		};
		25C0A8BB2A78DE62002C1C2A /* Sources */ = {
			isa = PBXSourcesBuildPhase;
			buildActionMask = 2147483647;
			files = (
				25C0A8C62A78DE62002C1C2A /* MacPackerUITestsLaunchTests.swift in Sources */,
				25C0A8C42A78DE62002C1C2A /* MacPackerUITests.swift in Sources */,
			);
			runOnlyForDeploymentPostprocessing = 0;
		};
/* End PBXSourcesBuildPhase section */

/* Begin PBXTargetDependency section */
		25C0A8B72A78DE62002C1C2A /* PBXTargetDependency */ = {
			isa = PBXTargetDependency;
			target = 25C0A8A32A78DE5F002C1C2A /* MacPacker */;
			targetProxy = 25C0A8B62A78DE62002C1C2A /* PBXContainerItemProxy */;
		};
		25C0A8C12A78DE62002C1C2A /* PBXTargetDependency */ = {
			isa = PBXTargetDependency;
			target = 25C0A8A32A78DE5F002C1C2A /* MacPacker */;
			targetProxy = 25C0A8C02A78DE62002C1C2A /* PBXContainerItemProxy */;
		};
/* End PBXTargetDependency section */

/* Begin XCBuildConfiguration section */
		254BB5572ABBE8430059A1D5 /* Debug */ = {
			isa = XCBuildConfiguration;
			buildSettings = {
				ASSETCATALOG_COMPILER_APPICON_NAME = AppIcon;
				ASSETCATALOG_COMPILER_GLOBAL_ACCENT_COLOR_NAME = AccentColor;
				CODE_SIGN_ENTITLEMENTS = MacPacker/MacPacker.entitlements;
				CODE_SIGN_STYLE = Automatic;
				COMBINE_HIDPI_IMAGES = YES;
				CURRENT_PROJECT_VERSION = 2;
				DEVELOPMENT_ASSET_PATHS = "\"MacPacker/Preview Content\"";
				DEVELOPMENT_TEAM = 88W4UN2KJH;
				ENABLE_HARDENED_RUNTIME = YES;
				ENABLE_PREVIEWS = YES;
				GENERATE_INFOPLIST_FILE = YES;
				INFOPLIST_FILE = "MacPacker copy-Info.plist";
				INFOPLIST_KEY_CFBundleDisplayName = MacPacker;
				INFOPLIST_KEY_LSApplicationCategoryType = "public.app-category.utilities";
				INFOPLIST_KEY_NSHumanReadableCopyright = "";
				LD_RUNPATH_SEARCH_PATHS = (
					"$(inherited)",
					"@executable_path/../Frameworks",
				);
				MACOSX_DEPLOYMENT_TARGET = 12.0;
				MARKETING_VERSION = 0.2;
				PRODUCT_BUNDLE_IDENTIFIER = com.sarensx.MacPacker;
				PRODUCT_NAME = "$(TARGET_NAME)";
				SWIFT_EMIT_LOC_STRINGS = YES;
				SWIFT_VERSION = 5.0;
			};
			name = Debug;
		};
		254BB5582ABBE8430059A1D5 /* Release */ = {
			isa = XCBuildConfiguration;
			buildSettings = {
				ASSETCATALOG_COMPILER_APPICON_NAME = AppIcon;
				ASSETCATALOG_COMPILER_GLOBAL_ACCENT_COLOR_NAME = AccentColor;
				CODE_SIGN_ENTITLEMENTS = MacPacker/MacPacker.entitlements;
				CODE_SIGN_STYLE = Automatic;
				COMBINE_HIDPI_IMAGES = YES;
				CURRENT_PROJECT_VERSION = 2;
				DEVELOPMENT_ASSET_PATHS = "\"MacPacker/Preview Content\"";
				DEVELOPMENT_TEAM = 88W4UN2KJH;
				ENABLE_HARDENED_RUNTIME = YES;
				ENABLE_PREVIEWS = YES;
				GENERATE_INFOPLIST_FILE = YES;
				INFOPLIST_FILE = "MacPacker copy-Info.plist";
				INFOPLIST_KEY_CFBundleDisplayName = MacPacker;
				INFOPLIST_KEY_LSApplicationCategoryType = "public.app-category.utilities";
				INFOPLIST_KEY_NSHumanReadableCopyright = "";
				LD_RUNPATH_SEARCH_PATHS = (
					"$(inherited)",
					"@executable_path/../Frameworks",
				);
				MACOSX_DEPLOYMENT_TARGET = 12.0;
				MARKETING_VERSION = 0.2;
				PRODUCT_BUNDLE_IDENTIFIER = com.sarensx.MacPacker;
				PRODUCT_NAME = "$(TARGET_NAME)";
				SWIFT_EMIT_LOC_STRINGS = YES;
				SWIFT_VERSION = 5.0;
			};
			name = Release;
		};
		25C0A8C72A78DE62002C1C2A /* Debug */ = {
			isa = XCBuildConfiguration;
			buildSettings = {
				ALWAYS_SEARCH_USER_PATHS = NO;
				CLANG_ANALYZER_NONNULL = YES;
				CLANG_ANALYZER_NUMBER_OBJECT_CONVERSION = YES_AGGRESSIVE;
				CLANG_CXX_LANGUAGE_STANDARD = "gnu++20";
				CLANG_ENABLE_MODULES = YES;
				CLANG_ENABLE_OBJC_ARC = YES;
				CLANG_ENABLE_OBJC_WEAK = YES;
				CLANG_WARN_BLOCK_CAPTURE_AUTORELEASING = YES;
				CLANG_WARN_BOOL_CONVERSION = YES;
				CLANG_WARN_COMMA = YES;
				CLANG_WARN_CONSTANT_CONVERSION = YES;
				CLANG_WARN_DEPRECATED_OBJC_IMPLEMENTATIONS = YES;
				CLANG_WARN_DIRECT_OBJC_ISA_USAGE = YES_ERROR;
				CLANG_WARN_DOCUMENTATION_COMMENTS = YES;
				CLANG_WARN_EMPTY_BODY = YES;
				CLANG_WARN_ENUM_CONVERSION = YES;
				CLANG_WARN_INFINITE_RECURSION = YES;
				CLANG_WARN_INT_CONVERSION = YES;
				CLANG_WARN_NON_LITERAL_NULL_CONVERSION = YES;
				CLANG_WARN_OBJC_IMPLICIT_RETAIN_SELF = YES;
				CLANG_WARN_OBJC_LITERAL_CONVERSION = YES;
				CLANG_WARN_OBJC_ROOT_CLASS = YES_ERROR;
				CLANG_WARN_QUOTED_INCLUDE_IN_FRAMEWORK_HEADER = YES;
				CLANG_WARN_RANGE_LOOP_ANALYSIS = YES;
				CLANG_WARN_STRICT_PROTOTYPES = YES;
				CLANG_WARN_SUSPICIOUS_MOVE = YES;
				CLANG_WARN_UNGUARDED_AVAILABILITY = YES_AGGRESSIVE;
				CLANG_WARN_UNREACHABLE_CODE = YES;
				CLANG_WARN__DUPLICATE_METHOD_MATCH = YES;
				COPY_PHASE_STRIP = NO;
				DEBUG_INFORMATION_FORMAT = dwarf;
				ENABLE_STRICT_OBJC_MSGSEND = YES;
				ENABLE_TESTABILITY = YES;
				GCC_C_LANGUAGE_STANDARD = gnu11;
				GCC_DYNAMIC_NO_PIC = NO;
				GCC_NO_COMMON_BLOCKS = YES;
				GCC_OPTIMIZATION_LEVEL = 0;
				GCC_PREPROCESSOR_DEFINITIONS = (
					"DEBUG=1",
					"$(inherited)",
				);
				GCC_WARN_64_TO_32_BIT_CONVERSION = YES;
				GCC_WARN_ABOUT_RETURN_TYPE = YES_ERROR;
				GCC_WARN_UNDECLARED_SELECTOR = YES;
				GCC_WARN_UNINITIALIZED_AUTOS = YES_AGGRESSIVE;
				GCC_WARN_UNUSED_FUNCTION = YES;
				GCC_WARN_UNUSED_VARIABLE = YES;
				MACOSX_DEPLOYMENT_TARGET = 12.0;
				MTL_ENABLE_DEBUG_INFO = INCLUDE_SOURCE;
				MTL_FAST_MATH = YES;
				ONLY_ACTIVE_ARCH = YES;
				SDKROOT = macosx;
				SWIFT_ACTIVE_COMPILATION_CONDITIONS = DEBUG;
				SWIFT_OPTIMIZATION_LEVEL = "-Onone";
			};
			name = Debug;
		};
		25C0A8C82A78DE62002C1C2A /* Release */ = {
			isa = XCBuildConfiguration;
			buildSettings = {
				ALWAYS_SEARCH_USER_PATHS = NO;
				CLANG_ANALYZER_NONNULL = YES;
				CLANG_ANALYZER_NUMBER_OBJECT_CONVERSION = YES_AGGRESSIVE;
				CLANG_CXX_LANGUAGE_STANDARD = "gnu++20";
				CLANG_ENABLE_MODULES = YES;
				CLANG_ENABLE_OBJC_ARC = YES;
				CLANG_ENABLE_OBJC_WEAK = YES;
				CLANG_WARN_BLOCK_CAPTURE_AUTORELEASING = YES;
				CLANG_WARN_BOOL_CONVERSION = YES;
				CLANG_WARN_COMMA = YES;
				CLANG_WARN_CONSTANT_CONVERSION = YES;
				CLANG_WARN_DEPRECATED_OBJC_IMPLEMENTATIONS = YES;
				CLANG_WARN_DIRECT_OBJC_ISA_USAGE = YES_ERROR;
				CLANG_WARN_DOCUMENTATION_COMMENTS = YES;
				CLANG_WARN_EMPTY_BODY = YES;
				CLANG_WARN_ENUM_CONVERSION = YES;
				CLANG_WARN_INFINITE_RECURSION = YES;
				CLANG_WARN_INT_CONVERSION = YES;
				CLANG_WARN_NON_LITERAL_NULL_CONVERSION = YES;
				CLANG_WARN_OBJC_IMPLICIT_RETAIN_SELF = YES;
				CLANG_WARN_OBJC_LITERAL_CONVERSION = YES;
				CLANG_WARN_OBJC_ROOT_CLASS = YES_ERROR;
				CLANG_WARN_QUOTED_INCLUDE_IN_FRAMEWORK_HEADER = YES;
				CLANG_WARN_RANGE_LOOP_ANALYSIS = YES;
				CLANG_WARN_STRICT_PROTOTYPES = YES;
				CLANG_WARN_SUSPICIOUS_MOVE = YES;
				CLANG_WARN_UNGUARDED_AVAILABILITY = YES_AGGRESSIVE;
				CLANG_WARN_UNREACHABLE_CODE = YES;
				CLANG_WARN__DUPLICATE_METHOD_MATCH = YES;
				COPY_PHASE_STRIP = NO;
				DEBUG_INFORMATION_FORMAT = "dwarf-with-dsym";
				ENABLE_NS_ASSERTIONS = NO;
				ENABLE_STRICT_OBJC_MSGSEND = YES;
				GCC_C_LANGUAGE_STANDARD = gnu11;
				GCC_NO_COMMON_BLOCKS = YES;
				GCC_WARN_64_TO_32_BIT_CONVERSION = YES;
				GCC_WARN_ABOUT_RETURN_TYPE = YES_ERROR;
				GCC_WARN_UNDECLARED_SELECTOR = YES;
				GCC_WARN_UNINITIALIZED_AUTOS = YES_AGGRESSIVE;
				GCC_WARN_UNUSED_FUNCTION = YES;
				GCC_WARN_UNUSED_VARIABLE = YES;
				MACOSX_DEPLOYMENT_TARGET = 12.0;
				MTL_ENABLE_DEBUG_INFO = NO;
				MTL_FAST_MATH = YES;
				SDKROOT = macosx;
				SWIFT_COMPILATION_MODE = wholemodule;
				SWIFT_OPTIMIZATION_LEVEL = "-O";
			};
			name = Release;
		};
		25C0A8CA2A78DE62002C1C2A /* Debug */ = {
			isa = XCBuildConfiguration;
			buildSettings = {
				ASSETCATALOG_COMPILER_APPICON_NAME = AppIcon;
				ASSETCATALOG_COMPILER_GLOBAL_ACCENT_COLOR_NAME = AccentColor;
				CODE_SIGN_ENTITLEMENTS = MacPacker/MacPacker.entitlements;
				CODE_SIGN_STYLE = Automatic;
				COMBINE_HIDPI_IMAGES = YES;
				CURRENT_PROJECT_VERSION = 2;
				DEVELOPMENT_ASSET_PATHS = "\"MacPacker/Preview Content\"";
				DEVELOPMENT_TEAM = 88W4UN2KJH;
				ENABLE_HARDENED_RUNTIME = YES;
				ENABLE_PREVIEWS = YES;
				GENERATE_INFOPLIST_FILE = YES;
				INFOPLIST_FILE = MacPacker/Info.plist;
				INFOPLIST_KEY_CFBundleDisplayName = MacPacker;
				INFOPLIST_KEY_LSApplicationCategoryType = "public.app-category.utilities";
				INFOPLIST_KEY_NSHumanReadableCopyright = "";
				LD_RUNPATH_SEARCH_PATHS = (
					"$(inherited)",
					"@executable_path/../Frameworks",
				);
				MACOSX_DEPLOYMENT_TARGET = 12.0;
				MARKETING_VERSION = 0.2;
				PRODUCT_BUNDLE_IDENTIFIER = com.sarensx.MacPacker;
				PRODUCT_NAME = "$(TARGET_NAME)";
				SWIFT_EMIT_LOC_STRINGS = YES;
				SWIFT_VERSION = 5.0;
			};
			name = Debug;
		};
		25C0A8CB2A78DE62002C1C2A /* Release */ = {
			isa = XCBuildConfiguration;
			buildSettings = {
				ASSETCATALOG_COMPILER_APPICON_NAME = AppIcon;
				ASSETCATALOG_COMPILER_GLOBAL_ACCENT_COLOR_NAME = AccentColor;
				CODE_SIGN_ENTITLEMENTS = MacPacker/MacPacker.entitlements;
				CODE_SIGN_STYLE = Automatic;
				COMBINE_HIDPI_IMAGES = YES;
				CURRENT_PROJECT_VERSION = 2;
				DEVELOPMENT_ASSET_PATHS = "\"MacPacker/Preview Content\"";
				DEVELOPMENT_TEAM = 88W4UN2KJH;
				ENABLE_HARDENED_RUNTIME = YES;
				ENABLE_PREVIEWS = YES;
				GENERATE_INFOPLIST_FILE = YES;
				INFOPLIST_FILE = MacPacker/Info.plist;
				INFOPLIST_KEY_CFBundleDisplayName = MacPacker;
				INFOPLIST_KEY_LSApplicationCategoryType = "public.app-category.utilities";
				INFOPLIST_KEY_NSHumanReadableCopyright = "";
				LD_RUNPATH_SEARCH_PATHS = (
					"$(inherited)",
					"@executable_path/../Frameworks",
				);
				MACOSX_DEPLOYMENT_TARGET = 12.0;
				MARKETING_VERSION = 0.2;
				PRODUCT_BUNDLE_IDENTIFIER = com.sarensx.MacPacker;
				PRODUCT_NAME = "$(TARGET_NAME)";
				SWIFT_EMIT_LOC_STRINGS = YES;
				SWIFT_VERSION = 5.0;
			};
			name = Release;
		};
		25C0A8CD2A78DE62002C1C2A /* Debug */ = {
			isa = XCBuildConfiguration;
			buildSettings = {
				ALWAYS_EMBED_SWIFT_STANDARD_LIBRARIES = YES;
				BUNDLE_LOADER = "$(TEST_HOST)";
				CODE_SIGN_STYLE = Automatic;
				CURRENT_PROJECT_VERSION = 1;
				DEVELOPMENT_TEAM = 88W4UN2KJH;
				GENERATE_INFOPLIST_FILE = YES;
				MACOSX_DEPLOYMENT_TARGET = 13.3;
				MARKETING_VERSION = 1.0;
				PRODUCT_BUNDLE_IDENTIFIER = com.sarensx.MacPackerTests;
				PRODUCT_NAME = "$(TARGET_NAME)";
				SWIFT_EMIT_LOC_STRINGS = NO;
				SWIFT_VERSION = 5.0;
				TEST_HOST = "$(BUILT_PRODUCTS_DIR)/MacPacker.app/$(BUNDLE_EXECUTABLE_FOLDER_PATH)/MacPacker";
			};
			name = Debug;
		};
		25C0A8CE2A78DE62002C1C2A /* Release */ = {
			isa = XCBuildConfiguration;
			buildSettings = {
				ALWAYS_EMBED_SWIFT_STANDARD_LIBRARIES = YES;
				BUNDLE_LOADER = "$(TEST_HOST)";
				CODE_SIGN_STYLE = Automatic;
				CURRENT_PROJECT_VERSION = 1;
				DEVELOPMENT_TEAM = 88W4UN2KJH;
				GENERATE_INFOPLIST_FILE = YES;
				MACOSX_DEPLOYMENT_TARGET = 13.3;
				MARKETING_VERSION = 1.0;
				PRODUCT_BUNDLE_IDENTIFIER = com.sarensx.MacPackerTests;
				PRODUCT_NAME = "$(TARGET_NAME)";
				SWIFT_EMIT_LOC_STRINGS = NO;
				SWIFT_VERSION = 5.0;
				TEST_HOST = "$(BUILT_PRODUCTS_DIR)/MacPacker.app/$(BUNDLE_EXECUTABLE_FOLDER_PATH)/MacPacker";
			};
			name = Release;
		};
		25C0A8D02A78DE62002C1C2A /* Debug */ = {
			isa = XCBuildConfiguration;
			buildSettings = {
				ALWAYS_EMBED_SWIFT_STANDARD_LIBRARIES = YES;
				CODE_SIGN_STYLE = Automatic;
				CURRENT_PROJECT_VERSION = 1;
				DEVELOPMENT_TEAM = 88W4UN2KJH;
				GENERATE_INFOPLIST_FILE = YES;
				MARKETING_VERSION = 1.0;
				PRODUCT_BUNDLE_IDENTIFIER = com.sarensx.MacPackerUITests;
				PRODUCT_NAME = "$(TARGET_NAME)";
				SWIFT_EMIT_LOC_STRINGS = NO;
				SWIFT_VERSION = 5.0;
				TEST_TARGET_NAME = MacPacker;
			};
			name = Debug;
		};
		25C0A8D12A78DE62002C1C2A /* Release */ = {
			isa = XCBuildConfiguration;
			buildSettings = {
				ALWAYS_EMBED_SWIFT_STANDARD_LIBRARIES = YES;
				CODE_SIGN_STYLE = Automatic;
				CURRENT_PROJECT_VERSION = 1;
				DEVELOPMENT_TEAM = 88W4UN2KJH;
				GENERATE_INFOPLIST_FILE = YES;
				MARKETING_VERSION = 1.0;
				PRODUCT_BUNDLE_IDENTIFIER = com.sarensx.MacPackerUITests;
				PRODUCT_NAME = "$(TARGET_NAME)";
				SWIFT_EMIT_LOC_STRINGS = NO;
				SWIFT_VERSION = 5.0;
				TEST_TARGET_NAME = MacPacker;
			};
			name = Release;
		};
/* End XCBuildConfiguration section */

/* Begin XCConfigurationList section */
		254BB5562ABBE8430059A1D5 /* Build configuration list for PBXNativeTarget "MacPacker Store" */ = {
			isa = XCConfigurationList;
			buildConfigurations = (
				254BB5572ABBE8430059A1D5 /* Debug */,
				254BB5582ABBE8430059A1D5 /* Release */,
			);
			defaultConfigurationIsVisible = 0;
			defaultConfigurationName = Release;
		};
		25C0A89F2A78DE5F002C1C2A /* Build configuration list for PBXProject "MacPacker" */ = {
			isa = XCConfigurationList;
			buildConfigurations = (
				25C0A8C72A78DE62002C1C2A /* Debug */,
				25C0A8C82A78DE62002C1C2A /* Release */,
			);
			defaultConfigurationIsVisible = 0;
			defaultConfigurationName = Release;
		};
		25C0A8C92A78DE62002C1C2A /* Build configuration list for PBXNativeTarget "MacPacker" */ = {
			isa = XCConfigurationList;
			buildConfigurations = (
				25C0A8CA2A78DE62002C1C2A /* Debug */,
				25C0A8CB2A78DE62002C1C2A /* Release */,
			);
			defaultConfigurationIsVisible = 0;
			defaultConfigurationName = Release;
		};
		25C0A8CC2A78DE62002C1C2A /* Build configuration list for PBXNativeTarget "MacPackerTests" */ = {
			isa = XCConfigurationList;
			buildConfigurations = (
				25C0A8CD2A78DE62002C1C2A /* Debug */,
				25C0A8CE2A78DE62002C1C2A /* Release */,
			);
			defaultConfigurationIsVisible = 0;
			defaultConfigurationName = Release;
		};
		25C0A8CF2A78DE62002C1C2A /* Build configuration list for PBXNativeTarget "MacPackerUITests" */ = {
			isa = XCConfigurationList;
			buildConfigurations = (
				25C0A8D02A78DE62002C1C2A /* Debug */,
				25C0A8D12A78DE62002C1C2A /* Release */,
			);
			defaultConfigurationIsVisible = 0;
			defaultConfigurationName = Release;
		};
/* End XCConfigurationList section */

/* Begin XCRemoteSwiftPackageReference section */
		254BB53E2ABBE8430059A1D5 /* XCRemoteSwiftPackageReference "SWCompression" */ = {
			isa = XCRemoteSwiftPackageReference;
			repositoryURL = "https://github.com/tsolomko/SWCompression";
			requirement = {
				kind = upToNextMajorVersion;
				minimumVersion = 4.0.0;
			};
		};
		254BB5402ABBE8430059A1D5 /* XCRemoteSwiftPackageReference "BitByteData" */ = {
			isa = XCRemoteSwiftPackageReference;
			repositoryURL = "https://github.com/tsolomko/BitByteData.git";
			requirement = {
				kind = upToNextMajorVersion;
				minimumVersion = 2.0.0;
			};
		};
		254BB55B2ABBE8F50059A1D5 /* XCRemoteSwiftPackageReference "Sparkle" */ = {
			isa = XCRemoteSwiftPackageReference;
			repositoryURL = "https://github.com/sparkle-project/Sparkle";
			requirement = {
				kind = upToNextMajorVersion;
				minimumVersion = 2.0.0;
			};
		};
		258C67F62ABB542200CE230E /* XCRemoteSwiftPackageReference "BitByteData" */ = {
			isa = XCRemoteSwiftPackageReference;
			repositoryURL = "https://github.com/tsolomko/BitByteData.git";
			requirement = {
				kind = upToNextMajorVersion;
				minimumVersion = 2.0.0;
			};
		};
		259847CA2A891E8100E8CDD9 /* XCRemoteSwiftPackageReference "SWCompression" */ = {
			isa = XCRemoteSwiftPackageReference;
			repositoryURL = "https://github.com/tsolomko/SWCompression";
			requirement = {
				kind = upToNextMajorVersion;
				minimumVersion = 4.0.0;
			};
		};
/* End XCRemoteSwiftPackageReference section */

/* Begin XCSwiftPackageProductDependency section */
		254BB53D2ABBE8430059A1D5 /* SWCompression */ = {
			isa = XCSwiftPackageProductDependency;
			package = 254BB53E2ABBE8430059A1D5 /* XCRemoteSwiftPackageReference "SWCompression" */;
			productName = SWCompression;
		};
		254BB53F2ABBE8430059A1D5 /* BitByteData */ = {
			isa = XCSwiftPackageProductDependency;
			package = 254BB5402ABBE8430059A1D5 /* XCRemoteSwiftPackageReference "BitByteData" */;
			productName = BitByteData;
		};
		254BB55C2ABBE8F50059A1D5 /* Sparkle */ = {
			isa = XCSwiftPackageProductDependency;
			package = 254BB55B2ABBE8F50059A1D5 /* XCRemoteSwiftPackageReference "Sparkle" */;
			productName = Sparkle;
		};
		258C67F72ABB542200CE230E /* BitByteData */ = {
			isa = XCSwiftPackageProductDependency;
			package = 258C67F62ABB542200CE230E /* XCRemoteSwiftPackageReference "BitByteData" */;
			productName = BitByteData;
		};
		259847CB2A891E8200E8CDD9 /* SWCompression */ = {
			isa = XCSwiftPackageProductDependency;
			package = 259847CA2A891E8100E8CDD9 /* XCRemoteSwiftPackageReference "SWCompression" */;
			productName = SWCompression;
		};
/* End XCSwiftPackageProductDependency section */
	};
	rootObject = 25C0A89C2A78DE5F002C1C2A /* Project object */;
}
