// !$*UTF8*$!
{
	archiveVersion = 1;
	classes = {
	};
	objectVersion = 53;
	objects = {

/* Begin PBXBuildFile section */
		0602483C225A0416006143B1 /* ByteReader.swift in Sources */ = {isa = PBXBuildFile; fileRef = 0602483B225A0416006143B1 /* ByteReader.swift */; };
		0643449A2259F88C00D8EB57 /* BigEndianByteReader.swift in Sources */ = {isa = PBXBuildFile; fileRef = 064344992259F88C00D8EB57 /* BigEndianByteReader.swift */; };
		0643449C2259FB2200D8EB57 /* BigEndianByteReaderBenchmarks.swift in Sources */ = {isa = PBXBuildFile; fileRef = 0643449B2259FB2200D8EB57 /* BigEndianByteReaderBenchmarks.swift */; };
		0643449E2259FB2F00D8EB57 /* BigEndianByteReaderTests.swift in Sources */ = {isa = PBXBuildFile; fileRef = 0643449D2259FB2F00D8EB57 /* BigEndianByteReaderTests.swift */; };
		06440A1724633213006C4405 /* SignedNumberRepresentation.swift in Sources */ = {isa = PBXBuildFile; fileRef = 06440A1624633213006C4405 /* SignedNumberRepresentation.swift */; };
		065DD5E421673BC100704028 /* BitByteData.framework in Frameworks */ = {isa = PBXBuildFile; fileRef = 06F0656C1FFAEA4B00312A82 /* BitByteData.framework */; };
		066598C6219616C2001340E4 /* LsbBitReaderByteBenchmarks.swift in Sources */ = {isa = PBXBuildFile; fileRef = 066598C5219616C2001340E4 /* LsbBitReaderByteBenchmarks.swift */; };
		069A69912198BE5A00E65630 /* MsbBitReaderByteBenchmarks.swift in Sources */ = {isa = PBXBuildFile; fileRef = 069A69902198BE5A00E65630 /* MsbBitReaderByteBenchmarks.swift */; };
		06F065751FFAEA8700312A82 /* LsbBitReader.swift in Sources */ = {isa = PBXBuildFile; fileRef = 06F065571FFAEA1F00312A82 /* LsbBitReader.swift */; };
		06F065761FFAEA8700312A82 /* BitReader.swift in Sources */ = {isa = PBXBuildFile; fileRef = 06F065581FFAEA1F00312A82 /* BitReader.swift */; };
		06F065771FFAEA8700312A82 /* LittleEndianByteReader.swift in Sources */ = {isa = PBXBuildFile; fileRef = 06F065591FFAEA1F00312A82 /* LittleEndianByteReader.swift */; };
		06F065781FFAEA8700312A82 /* MsbBitReader.swift in Sources */ = {isa = PBXBuildFile; fileRef = 06F0655A1FFAEA1F00312A82 /* MsbBitReader.swift */; };
		06F065791FFAEA8700312A82 /* Extensions.swift in Sources */ = {isa = PBXBuildFile; fileRef = 06F0655B1FFAEA1F00312A82 /* Extensions.swift */; };
		06F0657A1FFAEA8700312A82 /* MsbBitWriter.swift in Sources */ = {isa = PBXBuildFile; fileRef = 06F0655C1FFAEA1F00312A82 /* MsbBitWriter.swift */; };
		06F0657B1FFAEA8700312A82 /* BitWriter.swift in Sources */ = {isa = PBXBuildFile; fileRef = 06F0655D1FFAEA1F00312A82 /* BitWriter.swift */; };
		06F0657C1FFAEA8700312A82 /* LsbBitWriter.swift in Sources */ = {isa = PBXBuildFile; fileRef = 06F0655E1FFAEA1F00312A82 /* LsbBitWriter.swift */; };
		06F065861FFAEAA000312A82 /* BitByteData.framework in Frameworks */ = {isa = PBXBuildFile; fileRef = 06F0656C1FFAEA4B00312A82 /* BitByteData.framework */; };
		06F0658C1FFAEAA900312A82 /* MsbBitWriterTests.swift in Sources */ = {isa = PBXBuildFile; fileRef = 06F065621FFAEA1F00312A82 /* MsbBitWriterTests.swift */; };
		06F0658D1FFAEAA900312A82 /* MsbBitReaderTests.swift in Sources */ = {isa = PBXBuildFile; fileRef = 06F065631FFAEA1F00312A82 /* MsbBitReaderTests.swift */; };
		06F0658E1FFAEAA900312A82 /* LsbBitWriterTests.swift in Sources */ = {isa = PBXBuildFile; fileRef = 06F065641FFAEA1F00312A82 /* LsbBitWriterTests.swift */; };
		06F0658F1FFAEAA900312A82 /* LsbBitReaderTests.swift in Sources */ = {isa = PBXBuildFile; fileRef = 06F065651FFAEA1F00312A82 /* LsbBitReaderTests.swift */; };
		06F065901FFAEAA900312A82 /* LittleEndianByteReaderTests.swift in Sources */ = {isa = PBXBuildFile; fileRef = 06F065661FFAEA1F00312A82 /* LittleEndianByteReaderTests.swift */; };
		06FA0DC121935115009B4DEB /* LittleEndianByteReaderBenchmarks.swift in Sources */ = {isa = PBXBuildFile; fileRef = 06ADF4CA214BB86600B8F0E9 /* LittleEndianByteReaderBenchmarks.swift */; };
		06FA0DC221935115009B4DEB /* LsbBitReaderBenchmarks.swift in Sources */ = {isa = PBXBuildFile; fileRef = 060F68312176024400688683 /* LsbBitReaderBenchmarks.swift */; };
		06FA0DC321935115009B4DEB /* MsbBitReaderBenchmarks.swift in Sources */ = {isa = PBXBuildFile; fileRef = 060F6833217604E800688683 /* MsbBitReaderBenchmarks.swift */; };
		06FA0DC421935115009B4DEB /* LsbBitWriterBenchmarks.swift in Sources */ = {isa = PBXBuildFile; fileRef = 06A81B0E2177947600B6B7BB /* LsbBitWriterBenchmarks.swift */; };
		06FA0DC521935115009B4DEB /* MsbBitWriterBenchmarks.swift in Sources */ = {isa = PBXBuildFile; fileRef = 06A81B102177955500B6B7BB /* MsbBitWriterBenchmarks.swift */; };
		E608AB16253740C60036626D /* TestHelper.swift in Sources */ = {isa = PBXBuildFile; fileRef = E608AB15253740C60036626D /* TestHelper.swift */; };
		E6425642267FA97E002D75D8 /* SignedNumberRepresentationTests.swift in Sources */ = {isa = PBXBuildFile; fileRef = E6425641267FA97E002D75D8 /* SignedNumberRepresentationTests.swift */; };
/* End PBXBuildFile section */

/* Begin PBXContainerItemProxy section */
		065DD5E521673BC100704028 /* PBXContainerItemProxy */ = {
			isa = PBXContainerItemProxy;
			containerPortal = 06F065501FFAE9EC00312A82 /* Project object */;
			proxyType = 1;
			remoteGlobalIDString = 06F0656B1FFAEA4B00312A82;
			remoteInfo = BitByteData;
		};
		06F065871FFAEAA000312A82 /* PBXContainerItemProxy */ = {
			isa = PBXContainerItemProxy;
			containerPortal = 06F065501FFAE9EC00312A82 /* Project object */;
			proxyType = 1;
			remoteGlobalIDString = 06F0656B1FFAEA4B00312A82;
			remoteInfo = BitByteData;
		};
/* End PBXContainerItemProxy section */

/* Begin PBXFileReference section */
		0602483B225A0416006143B1 /* ByteReader.swift */ = {isa = PBXFileReference; lastKnownFileType = sourcecode.swift; path = ByteReader.swift; sourceTree = "<group>"; };
		060F68312176024400688683 /* LsbBitReaderBenchmarks.swift */ = {isa = PBXFileReference; lastKnownFileType = sourcecode.swift; path = LsbBitReaderBenchmarks.swift; sourceTree = "<group>"; };
		060F6833217604E800688683 /* MsbBitReaderBenchmarks.swift */ = {isa = PBXFileReference; lastKnownFileType = sourcecode.swift; path = MsbBitReaderBenchmarks.swift; sourceTree = "<group>"; };
		062BE3301FFBB9E300343CAD /* LinuxMain.swift */ = {isa = PBXFileReference; lastKnownFileType = sourcecode.swift; path = LinuxMain.swift; sourceTree = "<group>"; };
		064344992259F88C00D8EB57 /* BigEndianByteReader.swift */ = {isa = PBXFileReference; lastKnownFileType = sourcecode.swift; path = BigEndianByteReader.swift; sourceTree = "<group>"; };
		0643449B2259FB2200D8EB57 /* BigEndianByteReaderBenchmarks.swift */ = {isa = PBXFileReference; lastKnownFileType = sourcecode.swift; path = BigEndianByteReaderBenchmarks.swift; sourceTree = "<group>"; };
		0643449D2259FB2F00D8EB57 /* BigEndianByteReaderTests.swift */ = {isa = PBXFileReference; lastKnownFileType = sourcecode.swift; path = BigEndianByteReaderTests.swift; sourceTree = "<group>"; };
		06440A1624633213006C4405 /* SignedNumberRepresentation.swift */ = {isa = PBXFileReference; lastKnownFileType = sourcecode.swift; path = SignedNumberRepresentation.swift; sourceTree = "<group>"; };
		065DD5DF21673BC100704028 /* BitByteDataBenchmarks.xctest */ = {isa = PBXFileReference; explicitFileType = wrapper.cfbundle; includeInIndex = 0; path = BitByteDataBenchmarks.xctest; sourceTree = BUILT_PRODUCTS_DIR; };
		066598C5219616C2001340E4 /* LsbBitReaderByteBenchmarks.swift */ = {isa = PBXFileReference; lastKnownFileType = sourcecode.swift; path = LsbBitReaderByteBenchmarks.swift; sourceTree = "<group>"; };
		069A69902198BE5A00E65630 /* MsbBitReaderByteBenchmarks.swift */ = {isa = PBXFileReference; lastKnownFileType = sourcecode.swift; path = MsbBitReaderByteBenchmarks.swift; sourceTree = "<group>"; };
		06A81B0E2177947600B6B7BB /* LsbBitWriterBenchmarks.swift */ = {isa = PBXFileReference; lastKnownFileType = sourcecode.swift; path = LsbBitWriterBenchmarks.swift; sourceTree = "<group>"; };
		06A81B102177955500B6B7BB /* MsbBitWriterBenchmarks.swift */ = {isa = PBXFileReference; lastKnownFileType = sourcecode.swift; path = MsbBitWriterBenchmarks.swift; sourceTree = "<group>"; };
		06ADF4CA214BB86600B8F0E9 /* LittleEndianByteReaderBenchmarks.swift */ = {isa = PBXFileReference; lastKnownFileType = sourcecode.swift; path = LittleEndianByteReaderBenchmarks.swift; sourceTree = "<group>"; };
		06F065571FFAEA1F00312A82 /* LsbBitReader.swift */ = {isa = PBXFileReference; lastKnownFileType = sourcecode.swift; path = LsbBitReader.swift; sourceTree = "<group>"; };
		06F065581FFAEA1F00312A82 /* BitReader.swift */ = {isa = PBXFileReference; lastKnownFileType = sourcecode.swift; path = BitReader.swift; sourceTree = "<group>"; };
		06F065591FFAEA1F00312A82 /* LittleEndianByteReader.swift */ = {isa = PBXFileReference; lastKnownFileType = sourcecode.swift; path = LittleEndianByteReader.swift; sourceTree = "<group>"; };
		06F0655A1FFAEA1F00312A82 /* MsbBitReader.swift */ = {isa = PBXFileReference; lastKnownFileType = sourcecode.swift; path = MsbBitReader.swift; sourceTree = "<group>"; };
		06F0655B1FFAEA1F00312A82 /* Extensions.swift */ = {isa = PBXFileReference; lastKnownFileType = sourcecode.swift; path = Extensions.swift; sourceTree = "<group>"; };
		06F0655C1FFAEA1F00312A82 /* MsbBitWriter.swift */ = {isa = PBXFileReference; lastKnownFileType = sourcecode.swift; path = MsbBitWriter.swift; sourceTree = "<group>"; };
		06F0655D1FFAEA1F00312A82 /* BitWriter.swift */ = {isa = PBXFileReference; lastKnownFileType = sourcecode.swift; path = BitWriter.swift; sourceTree = "<group>"; };
		06F0655E1FFAEA1F00312A82 /* LsbBitWriter.swift */ = {isa = PBXFileReference; lastKnownFileType = sourcecode.swift; path = LsbBitWriter.swift; sourceTree = "<group>"; };
		06F065621FFAEA1F00312A82 /* MsbBitWriterTests.swift */ = {isa = PBXFileReference; lastKnownFileType = sourcecode.swift; path = MsbBitWriterTests.swift; sourceTree = "<group>"; };
		06F065631FFAEA1F00312A82 /* MsbBitReaderTests.swift */ = {isa = PBXFileReference; lastKnownFileType = sourcecode.swift; path = MsbBitReaderTests.swift; sourceTree = "<group>"; };
		06F065641FFAEA1F00312A82 /* LsbBitWriterTests.swift */ = {isa = PBXFileReference; lastKnownFileType = sourcecode.swift; path = LsbBitWriterTests.swift; sourceTree = "<group>"; };
		06F065651FFAEA1F00312A82 /* LsbBitReaderTests.swift */ = {isa = PBXFileReference; lastKnownFileType = sourcecode.swift; path = LsbBitReaderTests.swift; sourceTree = "<group>"; };
		06F065661FFAEA1F00312A82 /* LittleEndianByteReaderTests.swift */ = {isa = PBXFileReference; lastKnownFileType = sourcecode.swift; path = LittleEndianByteReaderTests.swift; sourceTree = "<group>"; };
		06F0656C1FFAEA4B00312A82 /* BitByteData.framework */ = {isa = PBXFileReference; explicitFileType = wrapper.framework; includeInIndex = 0; path = BitByteData.framework; sourceTree = BUILT_PRODUCTS_DIR; };
		06F065811FFAEAA000312A82 /* TestBitByteData.xctest */ = {isa = PBXFileReference; explicitFileType = wrapper.cfbundle; includeInIndex = 0; path = TestBitByteData.xctest; sourceTree = BUILT_PRODUCTS_DIR; };
		E608AB15253740C60036626D /* TestHelper.swift */ = {isa = PBXFileReference; lastKnownFileType = sourcecode.swift; path = TestHelper.swift; sourceTree = "<group>"; };
		E6425641267FA97E002D75D8 /* SignedNumberRepresentationTests.swift */ = {isa = PBXFileReference; lastKnownFileType = sourcecode.swift; path = SignedNumberRepresentationTests.swift; sourceTree = "<group>"; };
		E6C168EA28DF190200E7345D /* BitByteData.xctestplan */ = {isa = PBXFileReference; lastKnownFileType = text; name = BitByteData.xctestplan; path = BitByteData.xcodeproj/BitByteData.xctestplan; sourceTree = "<group>"; };
/* End PBXFileReference section */

/* Begin PBXFrameworksBuildPhase section */
		065DD5DC21673BC100704028 /* Frameworks */ = {
			isa = PBXFrameworksBuildPhase;
			buildActionMask = 2147483647;
			files = (
				065DD5E421673BC100704028 /* BitByteData.framework in Frameworks */,
			);
			runOnlyForDeploymentPostprocessing = 0;
		};
		06F0657E1FFAEAA000312A82 /* Frameworks */ = {
			isa = PBXFrameworksBuildPhase;
			buildActionMask = 2147483647;
			files = (
				06F065861FFAEAA000312A82 /* BitByteData.framework in Frameworks */,
			);
			runOnlyForDeploymentPostprocessing = 0;
		};
/* End PBXFrameworksBuildPhase section */

/* Begin PBXGroup section */
		065DD5E021673BC100704028 /* BitByteDataBenchmarks */ = {
			isa = PBXGroup;
			children = (
				0643449B2259FB2200D8EB57 /* BigEndianByteReaderBenchmarks.swift */,
				06ADF4CA214BB86600B8F0E9 /* LittleEndianByteReaderBenchmarks.swift */,
				060F68312176024400688683 /* LsbBitReaderBenchmarks.swift */,
				066598C5219616C2001340E4 /* LsbBitReaderByteBenchmarks.swift */,
				060F6833217604E800688683 /* MsbBitReaderBenchmarks.swift */,
				069A69902198BE5A00E65630 /* MsbBitReaderByteBenchmarks.swift */,
				06A81B0E2177947600B6B7BB /* LsbBitWriterBenchmarks.swift */,
				06A81B102177955500B6B7BB /* MsbBitWriterBenchmarks.swift */,
			);
			path = BitByteDataBenchmarks;
			sourceTree = "<group>";
		};
		06F0654F1FFAE9EC00312A82 = {
			isa = PBXGroup;
			children = (
				06F065561FFAEA1F00312A82 /* Sources */,
				06F0655F1FFAEA1F00312A82 /* Tests */,
				E6C168EA28DF190200E7345D /* BitByteData.xctestplan */,
				06F0656D1FFAEA4B00312A82 /* Products */,
			);
			sourceTree = "<group>";
		};
		06F065561FFAEA1F00312A82 /* Sources */ = {
			isa = PBXGroup;
			children = (
				06F0655B1FFAEA1F00312A82 /* Extensions.swift */,
				06440A1624633213006C4405 /* SignedNumberRepresentation.swift */,
				0602483B225A0416006143B1 /* ByteReader.swift */,
				064344992259F88C00D8EB57 /* BigEndianByteReader.swift */,
				06F065591FFAEA1F00312A82 /* LittleEndianByteReader.swift */,
				06F065581FFAEA1F00312A82 /* BitReader.swift */,
				06F065571FFAEA1F00312A82 /* LsbBitReader.swift */,
				06F0655A1FFAEA1F00312A82 /* MsbBitReader.swift */,
				06F0655D1FFAEA1F00312A82 /* BitWriter.swift */,
				06F0655E1FFAEA1F00312A82 /* LsbBitWriter.swift */,
				06F0655C1FFAEA1F00312A82 /* MsbBitWriter.swift */,
			);
			path = Sources;
			sourceTree = "<group>";
		};
		06F0655F1FFAEA1F00312A82 /* Tests */ = {
			isa = PBXGroup;
			children = (
				065DD5E021673BC100704028 /* BitByteDataBenchmarks */,
				06F065611FFAEA1F00312A82 /* BitByteDataTests */,
				062BE3301FFBB9E300343CAD /* LinuxMain.swift */,
			);
			path = Tests;
			sourceTree = "<group>";
		};
		06F065611FFAEA1F00312A82 /* BitByteDataTests */ = {
			isa = PBXGroup;
			children = (
				0643449D2259FB2F00D8EB57 /* BigEndianByteReaderTests.swift */,
				06F065661FFAEA1F00312A82 /* LittleEndianByteReaderTests.swift */,
				06F065651FFAEA1F00312A82 /* LsbBitReaderTests.swift */,
				06F065631FFAEA1F00312A82 /* MsbBitReaderTests.swift */,
				06F065641FFAEA1F00312A82 /* LsbBitWriterTests.swift */,
				06F065621FFAEA1F00312A82 /* MsbBitWriterTests.swift */,
				E608AB15253740C60036626D /* TestHelper.swift */,
				E6425641267FA97E002D75D8 /* SignedNumberRepresentationTests.swift */,
			);
			path = BitByteDataTests;
			sourceTree = "<group>";
		};
		06F0656D1FFAEA4B00312A82 /* Products */ = {
			isa = PBXGroup;
			children = (
				06F0656C1FFAEA4B00312A82 /* BitByteData.framework */,
				06F065811FFAEAA000312A82 /* TestBitByteData.xctest */,
				065DD5DF21673BC100704028 /* BitByteDataBenchmarks.xctest */,
			);
			name = Products;
			sourceTree = "<group>";
		};
/* End PBXGroup section */

/* Begin PBXNativeTarget section */
		065DD5DE21673BC100704028 /* BitByteDataBenchmarks */ = {
			isa = PBXNativeTarget;
			buildConfigurationList = 065DD5E921673BC100704028 /* Build configuration list for PBXNativeTarget "BitByteDataBenchmarks" */;
			buildPhases = (
				065DD5DB21673BC100704028 /* Sources */,
				065DD5DC21673BC100704028 /* Frameworks */,
			);
			buildRules = (
			);
			dependencies = (
				065DD5E621673BC100704028 /* PBXTargetDependency */,
			);
			name = BitByteDataBenchmarks;
			productName = BitByteDataBenchmarks;
			productReference = 065DD5DF21673BC100704028 /* BitByteDataBenchmarks.xctest */;
			productType = "com.apple.product-type.bundle.unit-test";
		};
		06F0656B1FFAEA4B00312A82 /* BitByteData */ = {
			isa = PBXNativeTarget;
			buildConfigurationList = 06F065721FFAEA4C00312A82 /* Build configuration list for PBXNativeTarget "BitByteData" */;
			buildPhases = (
				06F065671FFAEA4B00312A82 /* Sources */,
			);
			buildRules = (
			);
			dependencies = (
			);
			name = BitByteData;
			productName = BitByteData;
			productReference = 06F0656C1FFAEA4B00312A82 /* BitByteData.framework */;
			productType = "com.apple.product-type.framework";
		};
		06F065801FFAEAA000312A82 /* TestBitByteData */ = {
			isa = PBXNativeTarget;
			buildConfigurationList = 06F065891FFAEAA000312A82 /* Build configuration list for PBXNativeTarget "TestBitByteData" */;
			buildPhases = (
				06F0657D1FFAEAA000312A82 /* Sources */,
				06F0657E1FFAEAA000312A82 /* Frameworks */,
			);
			buildRules = (
			);
			dependencies = (
				06F065881FFAEAA000312A82 /* PBXTargetDependency */,
			);
			name = TestBitByteData;
			productName = TestBitByteData;
			productReference = 06F065811FFAEAA000312A82 /* TestBitByteData.xctest */;
			productType = "com.apple.product-type.bundle.unit-test";
		};
/* End PBXNativeTarget section */

/* Begin PBXProject section */
		06F065501FFAE9EC00312A82 /* Project object */ = {
			isa = PBXProject;
			attributes = {
				BuildIndependentTargetsInParallel = YES;
				DefaultBuildSystemTypeForWorkspace = Latest;
				LastSwiftUpdateCheck = 1000;
				LastUpgradeCheck = 1430;
				ORGANIZATIONNAME = "Timofey Solomko";
				TargetAttributes = {
					065DD5DE21673BC100704028 = {
						CreatedOnToolsVersion = 10.0;
					};
					06F0656B1FFAEA4B00312A82 = {
						CreatedOnToolsVersion = 9.2;
						LastSwiftMigration = 1000;
						ProvisioningStyle = Manual;
					};
					06F065801FFAEAA000312A82 = {
						CreatedOnToolsVersion = 9.2;
						LastSwiftMigration = 1000;
						ProvisioningStyle = Manual;
					};
				};
			};
			buildConfigurationList = 06F065531FFAE9EC00312A82 /* Build configuration list for PBXProject "BitByteData" */;
			compatibilityVersion = "Xcode 11.4";
			developmentRegion = en;
			hasScannedForEncodings = 0;
			knownRegions = (
				en,
				Base,
			);
			mainGroup = 06F0654F1FFAE9EC00312A82;
			productRefGroup = 06F0656D1FFAEA4B00312A82 /* Products */;
			projectDirPath = "";
			projectRoot = "";
			targets = (
				06F0656B1FFAEA4B00312A82 /* BitByteData */,
				06F065801FFAEAA000312A82 /* TestBitByteData */,
				065DD5DE21673BC100704028 /* BitByteDataBenchmarks */,
			);
		};
/* End PBXProject section */

/* Begin PBXSourcesBuildPhase section */
		065DD5DB21673BC100704028 /* Sources */ = {
			isa = PBXSourcesBuildPhase;
			buildActionMask = 2147483647;
			files = (
				069A69912198BE5A00E65630 /* MsbBitReaderByteBenchmarks.swift in Sources */,
				06FA0DC521935115009B4DEB /* MsbBitWriterBenchmarks.swift in Sources */,
				06FA0DC221935115009B4DEB /* LsbBitReaderBenchmarks.swift in Sources */,
				0643449C2259FB2200D8EB57 /* BigEndianByteReaderBenchmarks.swift in Sources */,
				06FA0DC121935115009B4DEB /* LittleEndianByteReaderBenchmarks.swift in Sources */,
				06FA0DC421935115009B4DEB /* LsbBitWriterBenchmarks.swift in Sources */,
				066598C6219616C2001340E4 /* LsbBitReaderByteBenchmarks.swift in Sources */,
				06FA0DC321935115009B4DEB /* MsbBitReaderBenchmarks.swift in Sources */,
			);
			runOnlyForDeploymentPostprocessing = 0;
		};
		06F065671FFAEA4B00312A82 /* Sources */ = {
			isa = PBXSourcesBuildPhase;
			buildActionMask = 2147483647;
			files = (
				06F065791FFAEA8700312A82 /* Extensions.swift in Sources */,
				06F0657A1FFAEA8700312A82 /* MsbBitWriter.swift in Sources */,
				06F0657C1FFAEA8700312A82 /* LsbBitWriter.swift in Sources */,
				06F0657B1FFAEA8700312A82 /* BitWriter.swift in Sources */,
				06F065771FFAEA8700312A82 /* LittleEndianByteReader.swift in Sources */,
				06440A1724633213006C4405 /* SignedNumberRepresentation.swift in Sources */,
				0643449A2259F88C00D8EB57 /* BigEndianByteReader.swift in Sources */,
				0602483C225A0416006143B1 /* ByteReader.swift in Sources */,
				06F065781FFAEA8700312A82 /* MsbBitReader.swift in Sources */,
				06F065761FFAEA8700312A82 /* BitReader.swift in Sources */,
				06F065751FFAEA8700312A82 /* LsbBitReader.swift in Sources */,
			);
			runOnlyForDeploymentPostprocessing = 0;
		};
		06F0657D1FFAEAA000312A82 /* Sources */ = {
			isa = PBXSourcesBuildPhase;
			buildActionMask = 2147483647;
			files = (
				06F0658F1FFAEAA900312A82 /* LsbBitReaderTests.swift in Sources */,
				E6425642267FA97E002D75D8 /* SignedNumberRepresentationTests.swift in Sources */,
				06F065901FFAEAA900312A82 /* LittleEndianByteReaderTests.swift in Sources */,
				E608AB16253740C60036626D /* TestHelper.swift in Sources */,
				06F0658C1FFAEAA900312A82 /* MsbBitWriterTests.swift in Sources */,
				0643449E2259FB2F00D8EB57 /* BigEndianByteReaderTests.swift in Sources */,
				06F0658E1FFAEAA900312A82 /* LsbBitWriterTests.swift in Sources */,
				06F0658D1FFAEAA900312A82 /* MsbBitReaderTests.swift in Sources */,
			);
			runOnlyForDeploymentPostprocessing = 0;
		};
/* End PBXSourcesBuildPhase section */

/* Begin PBXTargetDependency section */
		065DD5E621673BC100704028 /* PBXTargetDependency */ = {
			isa = PBXTargetDependency;
			target = 06F0656B1FFAEA4B00312A82 /* BitByteData */;
			targetProxy = 065DD5E521673BC100704028 /* PBXContainerItemProxy */;
		};
		06F065881FFAEAA000312A82 /* PBXTargetDependency */ = {
			isa = PBXTargetDependency;
			target = 06F0656B1FFAEA4B00312A82 /* BitByteData */;
			targetProxy = 06F065871FFAEAA000312A82 /* PBXContainerItemProxy */;
		};
/* End PBXTargetDependency section */

/* Begin XCBuildConfiguration section */
		065DD5E721673BC100704028 /* Debug */ = {
			isa = XCBuildConfiguration;
			buildSettings = {
				COPY_PHASE_STRIP = NO;
				INFOPLIST_FILE = BitByteData.xcodeproj/BitByteDataBenchmarks.plist;
				LD_RUNPATH_SEARCH_PATHS = (
					"$(inherited)",
					"@loader_path/Frameworks",
					"@executable_path/Frameworks",
					"@loader_path/../Frameworks",
					"@executable_path/../Frameworks",
				);
				PRODUCT_BUNDLE_IDENTIFIER = me.tsolomko.BitByteDataBenchmarks;
				PRODUCT_NAME = "$(TARGET_NAME)";
			};
			name = Debug;
		};
		065DD5E821673BC100704028 /* Release */ = {
			isa = XCBuildConfiguration;
			buildSettings = {
				COPY_PHASE_STRIP = NO;
				INFOPLIST_FILE = BitByteData.xcodeproj/BitByteDataBenchmarks.plist;
				LD_RUNPATH_SEARCH_PATHS = (
					"$(inherited)",
					"@loader_path/Frameworks",
					"@executable_path/Frameworks",
					"@loader_path/../Frameworks",
					"@executable_path/../Frameworks",
				);
				PRODUCT_BUNDLE_IDENTIFIER = me.tsolomko.BitByteDataBenchmarks;
				PRODUCT_NAME = "$(TARGET_NAME)";
			};
			name = Release;
		};
		06F065541FFAE9EC00312A82 /* Debug */ = {
			isa = XCBuildConfiguration;
			buildSettings = {
				ALWAYS_SEARCH_USER_PATHS = NO;
				CLANG_ENABLE_OBJC_WEAK = YES;
				CLANG_WARN_BLOCK_CAPTURE_AUTORELEASING = YES;
				CLANG_WARN_BOOL_CONVERSION = YES;
				CLANG_WARN_COMMA = YES;
				CLANG_WARN_CONSTANT_CONVERSION = YES;
				CLANG_WARN_DEPRECATED_OBJC_IMPLEMENTATIONS = YES;
				CLANG_WARN_EMPTY_BODY = YES;
				CLANG_WARN_ENUM_CONVERSION = YES;
				CLANG_WARN_INFINITE_RECURSION = YES;
				CLANG_WARN_INT_CONVERSION = YES;
				CLANG_WARN_NON_LITERAL_NULL_CONVERSION = YES;
				CLANG_WARN_OBJC_IMPLICIT_RETAIN_SELF = YES;
				CLANG_WARN_OBJC_LITERAL_CONVERSION = YES;
				CLANG_WARN_QUOTED_INCLUDE_IN_FRAMEWORK_HEADER = YES;
				CLANG_WARN_RANGE_LOOP_ANALYSIS = YES;
				CLANG_WARN_STRICT_PROTOTYPES = YES;
				CLANG_WARN_SUSPICIOUS_MOVE = YES;
				CLANG_WARN_UNREACHABLE_CODE = YES;
				CLANG_WARN__DUPLICATE_METHOD_MATCH = YES;
				CURRENT_PROJECT_VERSION = 29;
				DEAD_CODE_STRIPPING = YES;
				DEBUG_INFORMATION_FORMAT = dwarf;
				EAGER_LINKING = YES;
				ENABLE_STRICT_OBJC_MSGSEND = YES;
				ENABLE_TESTABILITY = YES;
				GCC_NO_COMMON_BLOCKS = YES;
				GCC_OPTIMIZATION_LEVEL = 0;
				GCC_WARN_64_TO_32_BIT_CONVERSION = YES;
				GCC_WARN_ABOUT_RETURN_TYPE = YES;
				GCC_WARN_UNDECLARED_SELECTOR = YES;
				GCC_WARN_UNINITIALIZED_AUTOS = YES;
				GCC_WARN_UNUSED_FUNCTION = YES;
				GCC_WARN_UNUSED_VARIABLE = YES;
				IPHONEOS_DEPLOYMENT_TARGET = 11.0;
				MACOSX_DEPLOYMENT_TARGET = 10.13;
				ONLY_ACTIVE_ARCH = YES;
				OTHER_CODE_SIGN_FLAGS = "--deep";
				SDKROOT = macosx;
				SUPPORTED_PLATFORMS = "macosx watchsimulator iphonesimulator appletvsimulator watchos appletvos iphoneos";
				SWIFT_OPTIMIZATION_LEVEL = "-Onone";
				SWIFT_VERSION = 5.0;
				TVOS_DEPLOYMENT_TARGET = 11.0;
				VERSIONING_SYSTEM = "apple-generic";
				WATCHOS_DEPLOYMENT_TARGET = 4.0;
			};
			name = Debug;
		};
		06F065551FFAE9EC00312A82 /* Release */ = {
			isa = XCBuildConfiguration;
			buildSettings = {
				ALWAYS_SEARCH_USER_PATHS = NO;
				CLANG_ENABLE_OBJC_WEAK = YES;
				CLANG_WARN_BLOCK_CAPTURE_AUTORELEASING = YES;
				CLANG_WARN_BOOL_CONVERSION = YES;
				CLANG_WARN_COMMA = YES;
				CLANG_WARN_CONSTANT_CONVERSION = YES;
				CLANG_WARN_DEPRECATED_OBJC_IMPLEMENTATIONS = YES;
				CLANG_WARN_EMPTY_BODY = YES;
				CLANG_WARN_ENUM_CONVERSION = YES;
				CLANG_WARN_INFINITE_RECURSION = YES;
				CLANG_WARN_INT_CONVERSION = YES;
				CLANG_WARN_NON_LITERAL_NULL_CONVERSION = YES;
				CLANG_WARN_OBJC_IMPLICIT_RETAIN_SELF = YES;
				CLANG_WARN_OBJC_LITERAL_CONVERSION = YES;
				CLANG_WARN_QUOTED_INCLUDE_IN_FRAMEWORK_HEADER = YES;
				CLANG_WARN_RANGE_LOOP_ANALYSIS = YES;
				CLANG_WARN_STRICT_PROTOTYPES = YES;
				CLANG_WARN_SUSPICIOUS_MOVE = YES;
				CLANG_WARN_UNREACHABLE_CODE = YES;
				CLANG_WARN__DUPLICATE_METHOD_MATCH = YES;
				CURRENT_PROJECT_VERSION = 29;
				DEAD_CODE_STRIPPING = YES;
				DEBUG_INFORMATION_FORMAT = "dwarf-with-dsym";
				EAGER_LINKING = YES;
				ENABLE_STRICT_OBJC_MSGSEND = YES;
				GCC_NO_COMMON_BLOCKS = YES;
				GCC_WARN_64_TO_32_BIT_CONVERSION = YES;
				GCC_WARN_ABOUT_RETURN_TYPE = YES;
				GCC_WARN_UNDECLARED_SELECTOR = YES;
				GCC_WARN_UNINITIALIZED_AUTOS = YES;
				GCC_WARN_UNUSED_FUNCTION = YES;
				GCC_WARN_UNUSED_VARIABLE = YES;
				IPHONEOS_DEPLOYMENT_TARGET = 11.0;
				MACOSX_DEPLOYMENT_TARGET = 10.13;
				OTHER_CODE_SIGN_FLAGS = "--deep";
				SDKROOT = macosx;
				SUPPORTED_PLATFORMS = "macosx watchsimulator iphonesimulator appletvsimulator watchos appletvos iphoneos";
				SWIFT_COMPILATION_MODE = wholemodule;
				SWIFT_VERSION = 5.0;
				TVOS_DEPLOYMENT_TARGET = 11.0;
				VERSIONING_SYSTEM = "apple-generic";
				WATCHOS_DEPLOYMENT_TARGET = 4.0;
			};
			name = Release;
		};
		06F065731FFAEA4C00312A82 /* Debug */ = {
			isa = XCBuildConfiguration;
			buildSettings = {
				APPLICATION_EXTENSION_API_ONLY = YES;
				DEFINES_MODULE = YES;
				DYLIB_COMPATIBILITY_VERSION = 1;
				DYLIB_CURRENT_VERSION = 29;
				DYLIB_INSTALL_NAME_BASE = "@rpath";
				ENABLE_MODULE_VERIFIER = YES;
				INFOPLIST_FILE = BitByteData.xcodeproj/BitByteData.plist;
				INSTALL_PATH = "$(LOCAL_LIBRARY_DIR)/Frameworks";
				LD_RUNPATH_SEARCH_PATHS = (
					"$(inherited)",
					"@loader_path/Frameworks",
					"@executable_path/Frameworks",
					"@loader_path/../Frameworks",
					"@executable_path/../Frameworks",
				);
				MODULE_VERIFIER_SUPPORTED_LANGUAGES = "objective-c objective-c++";
				MODULE_VERIFIER_SUPPORTED_LANGUAGE_STANDARDS = "gnu17 gnu++14";
				PRODUCT_BUNDLE_IDENTIFIER = me.tsolomko.BitByteData;
				PRODUCT_NAME = "$(TARGET_NAME:c99extidentifier)";
				SKIP_INSTALL = YES;
				VERSION_INFO_PREFIX = "";
			};
			name = Debug;
		};
		06F065741FFAEA4C00312A82 /* Release */ = {
			isa = XCBuildConfiguration;
			buildSettings = {
				APPLICATION_EXTENSION_API_ONLY = YES;
				DEFINES_MODULE = YES;
				DYLIB_COMPATIBILITY_VERSION = 1;
				DYLIB_CURRENT_VERSION = 29;
				DYLIB_INSTALL_NAME_BASE = "@rpath";
				ENABLE_MODULE_VERIFIER = YES;
				INFOPLIST_FILE = BitByteData.xcodeproj/BitByteData.plist;
				INSTALL_PATH = "$(LOCAL_LIBRARY_DIR)/Frameworks";
				LD_RUNPATH_SEARCH_PATHS = (
					"$(inherited)",
					"@loader_path/Frameworks",
					"@executable_path/Frameworks",
					"@loader_path/../Frameworks",
					"@executable_path/../Frameworks",
				);
				MODULE_VERIFIER_SUPPORTED_LANGUAGES = "objective-c objective-c++";
				MODULE_VERIFIER_SUPPORTED_LANGUAGE_STANDARDS = "gnu17 gnu++14";
				PRODUCT_BUNDLE_IDENTIFIER = me.tsolomko.BitByteData;
				PRODUCT_NAME = "$(TARGET_NAME:c99extidentifier)";
				SKIP_INSTALL = YES;
				VERSION_INFO_PREFIX = "";
			};
			name = Release;
		};
		06F0658A1FFAEAA000312A82 /* Debug */ = {
			isa = XCBuildConfiguration;
			buildSettings = {
				COPY_PHASE_STRIP = NO;
				INFOPLIST_FILE = BitByteData.xcodeproj/TestBitByteData.plist;
				LD_RUNPATH_SEARCH_PATHS = (
					"$(inherited)",
					"@loader_path/Frameworks",
					"@executable_path/Frameworks",
					"@loader_path/../Frameworks",
					"@executable_path/../Frameworks",
				);
				PRODUCT_BUNDLE_IDENTIFIER = me.tsolomko.TestBitByteData;
				PRODUCT_NAME = "$(TARGET_NAME)";
			};
			name = Debug;
		};
		06F0658B1FFAEAA000312A82 /* Release */ = {
			isa = XCBuildConfiguration;
			buildSettings = {
				COPY_PHASE_STRIP = NO;
				INFOPLIST_FILE = BitByteData.xcodeproj/TestBitByteData.plist;
				LD_RUNPATH_SEARCH_PATHS = (
					"$(inherited)",
					"@loader_path/Frameworks",
					"@executable_path/Frameworks",
					"@loader_path/../Frameworks",
					"@executable_path/../Frameworks",
				);
				PRODUCT_BUNDLE_IDENTIFIER = me.tsolomko.TestBitByteData;
				PRODUCT_NAME = "$(TARGET_NAME)";
			};
			name = Release;
		};
/* End XCBuildConfiguration section */

/* Begin XCConfigurationList section */
		065DD5E921673BC100704028 /* Build configuration list for PBXNativeTarget "BitByteDataBenchmarks" */ = {
			isa = XCConfigurationList;
			buildConfigurations = (
				065DD5E721673BC100704028 /* Debug */,
				065DD5E821673BC100704028 /* Release */,
			);
			defaultConfigurationIsVisible = 0;
			defaultConfigurationName = Release;
		};
		06F065531FFAE9EC00312A82 /* Build configuration list for PBXProject "BitByteData" */ = {
			isa = XCConfigurationList;
			buildConfigurations = (
				06F065541FFAE9EC00312A82 /* Debug */,
				06F065551FFAE9EC00312A82 /* Release */,
			);
			defaultConfigurationIsVisible = 0;
			defaultConfigurationName = Release;
		};
		06F065721FFAEA4C00312A82 /* Build configuration list for PBXNativeTarget "BitByteData" */ = {
			isa = XCConfigurationList;
			buildConfigurations = (
				06F065731FFAEA4C00312A82 /* Debug */,
				06F065741FFAEA4C00312A82 /* Release */,
			);
			defaultConfigurationIsVisible = 0;
			defaultConfigurationName = Release;
		};
		06F065891FFAEAA000312A82 /* Build configuration list for PBXNativeTarget "TestBitByteData" */ = {
			isa = XCConfigurationList;
			buildConfigurations = (
				06F0658A1FFAEAA000312A82 /* Debug */,
				06F0658B1FFAEAA000312A82 /* Release */,
			);
			defaultConfigurationIsVisible = 0;
			defaultConfigurationName = Release;
		};
/* End XCConfigurationList section */
	};
	rootObject = 06F065501FFAE9EC00312A82 /* Project object */;
}
